// !$*UTF8*$!
{
	archiveVersion = 1;
	classes = {
	};
	objectVersion = 51;
	objects = {

/* Begin PBXBuildFile section */
		1C14E5C1235BB48400E3CD94 /* NeighbourhoodSelectorView.swift in Sources */ = {isa = PBXBuildFile; fileRef = 1C14E5C0235BB48400E3CD94 /* NeighbourhoodSelectorView.swift */; };
		1C1799892389F39E0075F06C /* RubbishReportController.swift in Sources */ = {isa = PBXBuildFile; fileRef = 1C1799882389F39E0075F06C /* RubbishReportController.swift */; };
		1C17998B2389F3D90075F06C /* RubbishReportViewModel.swift in Sources */ = {isa = PBXBuildFile; fileRef = 1C17998A2389F3D90075F06C /* RubbishReportViewModel.swift */; };
		1C17998E2389F54A0075F06C /* PictureSelectionView.swift in Sources */ = {isa = PBXBuildFile; fileRef = 1C17998D2389F54A0075F06C /* PictureSelectionView.swift */; };
		1C179990238A00150075F06C /* UITableViewCellConfigurator.swift in Sources */ = {isa = PBXBuildFile; fileRef = 1C17998F238A00150075F06C /* UITableViewCellConfigurator.swift */; };
		1C179993238A027A0075F06C /* TextInputController.swift in Sources */ = {isa = PBXBuildFile; fileRef = 1C179992238A027A0075F06C /* TextInputController.swift */; };
		1C21B3CB23941E8B003E0090 /* RubbishReportManager.swift in Sources */ = {isa = PBXBuildFile; fileRef = 1C21B3CA23941E8B003E0090 /* RubbishReportManager.swift */; };
		1C21B3CD23941F8C003E0090 /* PFFileImageHelper.swift in Sources */ = {isa = PBXBuildFile; fileRef = 1C21B3CC23941F8C003E0090 /* PFFileImageHelper.swift */; };
		1C21B3CF2394206F003E0090 /* PFFileObject+Rx.swift in Sources */ = {isa = PBXBuildFile; fileRef = 1C21B3CE2394206F003E0090 /* PFFileObject+Rx.swift */; };
		1C21B3D02394232C003E0090 /* UIImage.swift in Sources */ = {isa = PBXBuildFile; fileRef = 1C14E5C3235BB96D00E3CD94 /* UIImage.swift */; };
		1C23C961238DFD7C00100BA1 /* LocationSelectionController.swift in Sources */ = {isa = PBXBuildFile; fileRef = 1C23C960238DFD7C00100BA1 /* LocationSelectionController.swift */; };
		1C23C963238DFDB700100BA1 /* LocationSelectionViewModel.swift in Sources */ = {isa = PBXBuildFile; fileRef = 1C23C962238DFDB700100BA1 /* LocationSelectionViewModel.swift */; };
		1C26CE4D23594308008BB2D2 /* AppDelegate.swift in Sources */ = {isa = PBXBuildFile; fileRef = 1C26CE4C23594308008BB2D2 /* AppDelegate.swift */; };
		1C26CE4F23594308008BB2D2 /* SceneDelegate.swift in Sources */ = {isa = PBXBuildFile; fileRef = 1C26CE4E23594308008BB2D2 /* SceneDelegate.swift */; };
		1C26CE562359430C008BB2D2 /* Assets.xcassets in Resources */ = {isa = PBXBuildFile; fileRef = 1C26CE552359430C008BB2D2 /* Assets.xcassets */; };
		1C26CE592359430C008BB2D2 /* LaunchScreen.storyboard in Resources */ = {isa = PBXBuildFile; fileRef = 1C26CE572359430C008BB2D2 /* LaunchScreen.storyboard */; };
		1C26CE642359430C008BB2D2 /* garbageCollectionTests.swift in Sources */ = {isa = PBXBuildFile; fileRef = 1C26CE632359430C008BB2D2 /* garbageCollectionTests.swift */; };
		1C26CE6F2359430C008BB2D2 /* garbageCollectionUITests.swift in Sources */ = {isa = PBXBuildFile; fileRef = 1C26CE6E2359430C008BB2D2 /* garbageCollectionUITests.swift */; };
		1C309ED9238CA73200B2F063 /* BasicTableViewCell.swift in Sources */ = {isa = PBXBuildFile; fileRef = 1C309ED8238CA73200B2F063 /* BasicTableViewCell.swift */; };
		1C31CBE9235B55D400653E19 /* AppCoordinator.swift in Sources */ = {isa = PBXBuildFile; fileRef = 1C31CBE8235B55D400653E19 /* AppCoordinator.swift */; };
		1C31CBEB235B564B00653E19 /* RootViewCoordinator.swift in Sources */ = {isa = PBXBuildFile; fileRef = 1C31CBEA235B564B00653E19 /* RootViewCoordinator.swift */; };
		1C31CBED235B566A00653E19 /* Coordinator.swift in Sources */ = {isa = PBXBuildFile; fileRef = 1C31CBEC235B566A00653E19 /* Coordinator.swift */; };
		1C31CBEF235B578100653E19 /* Environment.swift in Sources */ = {isa = PBXBuildFile; fileRef = 1C31CBEE235B578100653E19 /* Environment.swift */; };
		1C31CBF1235B5B2C00653E19 /* MapCoordinator.swift in Sources */ = {isa = PBXBuildFile; fileRef = 1C31CBF0235B5B2C00653E19 /* MapCoordinator.swift */; };
		1C31CBF3235B5B7E00653E19 /* CalendarCoordinator.swift in Sources */ = {isa = PBXBuildFile; fileRef = 1C31CBF2235B5B7E00653E19 /* CalendarCoordinator.swift */; };
		1C31CBF5235B5B8C00653E19 /* SettingsCoordinator.swift in Sources */ = {isa = PBXBuildFile; fileRef = 1C31CBF4235B5B8C00653E19 /* SettingsCoordinator.swift */; };
		1C31CBF9235B5D2B00653E19 /* GCNavigationBar.swift in Sources */ = {isa = PBXBuildFile; fileRef = 1C31CBF8235B5D2B00653E19 /* GCNavigationBar.swift */; };
		1C31CBFB235B5D8000653E19 /* GCNavigationController.swift in Sources */ = {isa = PBXBuildFile; fileRef = 1C31CBFA235B5D8000653E19 /* GCNavigationController.swift */; };
		1C31CBFF235B5DD700653E19 /* UIColor.swift in Sources */ = {isa = PBXBuildFile; fileRef = 1C31CBFE235B5DD700653E19 /* UIColor.swift */; };
		1C31CC04235B6AA600653E19 /* CalendarController.swift in Sources */ = {isa = PBXBuildFile; fileRef = 1C31CC03235B6AA600653E19 /* CalendarController.swift */; };
		1C31CC06235B6AB300653E19 /* MapController.swift in Sources */ = {isa = PBXBuildFile; fileRef = 1C31CC05235B6AB300653E19 /* MapController.swift */; };
		1C31CC08235B6AC100653E19 /* SettingsController.swift in Sources */ = {isa = PBXBuildFile; fileRef = 1C31CC07235B6AC100653E19 /* SettingsController.swift */; };
		1C31CC0A235B705400653E19 /* CalendarViewModel.swift in Sources */ = {isa = PBXBuildFile; fileRef = 1C31CC09235B705400653E19 /* CalendarViewModel.swift */; };
		1C31CC0C235B70CC00653E19 /* GCViewModelController.swift in Sources */ = {isa = PBXBuildFile; fileRef = 1C31CC0B235B70CC00653E19 /* GCViewModelController.swift */; };
		1C31CC0E235B72BC00653E19 /* MapViewModel.swift in Sources */ = {isa = PBXBuildFile; fileRef = 1C31CC0D235B72BC00653E19 /* MapViewModel.swift */; };
		1C46181823594A6B0054B22B /* SplashController.swift in Sources */ = {isa = PBXBuildFile; fileRef = 1C46181723594A6B0054B22B /* SplashController.swift */; };
		1C57CAF2235CE114004D0E0C /* String.swift in Sources */ = {isa = PBXBuildFile; fileRef = 1C57CAF1235CE114004D0E0C /* String.swift */; };
		1C696C432364C37500632085 /* NotificationsManager.swift in Sources */ = {isa = PBXBuildFile; fileRef = 1C696C422364C37500632085 /* NotificationsManager.swift */; };
		1C696C452365EB7500632085 /* Date.swift in Sources */ = {isa = PBXBuildFile; fileRef = 1C696C442365EB7500632085 /* Date.swift */; };
		1C696C4823660CA300632085 /* UserNotification+Rx.swift in Sources */ = {isa = PBXBuildFile; fileRef = 1C696C4723660CA300632085 /* UserNotification+Rx.swift */; };
		1C696C4C2366617C00632085 /* CollectionPointFilterController.swift in Sources */ = {isa = PBXBuildFile; fileRef = 1C696C4B2366617C00632085 /* CollectionPointFilterController.swift */; };
		1C696C4E2366619200632085 /* CollectionPointFilterViewModel.swift in Sources */ = {isa = PBXBuildFile; fileRef = 1C696C4D2366619200632085 /* CollectionPointFilterViewModel.swift */; };
		1C7489B42390AA4B00958A13 /* PaddingLabel.swift in Sources */ = {isa = PBXBuildFile; fileRef = 1C7489B32390AA4B00958A13 /* PaddingLabel.swift */; };
		1C7A43BD23724F59005210B9 /* CollectionPointsManager.swift in Sources */ = {isa = PBXBuildFile; fileRef = 1C7A43BC23724F59005210B9 /* CollectionPointsManager.swift */; };
		1C7A43BF23725DCE005210B9 /* CollectionPointMarker.swift in Sources */ = {isa = PBXBuildFile; fileRef = 1C7A43BE23725DCE005210B9 /* CollectionPointMarker.swift */; };
		1C7A43C123725E97005210B9 /* PFGeoPoint.swift in Sources */ = {isa = PBXBuildFile; fileRef = 1C7A43C023725E97005210B9 /* PFGeoPoint.swift */; };
		1C7A43C423727B29005210B9 /* CollectionPointAnnotationView.swift in Sources */ = {isa = PBXBuildFile; fileRef = 1C7A43C323727B28005210B9 /* CollectionPointAnnotationView.swift */; };
		1C7A43C72373C119005210B9 /* SelectableCell.swift in Sources */ = {isa = PBXBuildFile; fileRef = 1C7A43C62373C119005210B9 /* SelectableCell.swift */; };
		1C835E0A235E917200CC21EB /* WeekDayCollectionSchedule.swift in Sources */ = {isa = PBXBuildFile; fileRef = 1C835E09235E917200CC21EB /* WeekDayCollectionSchedule.swift */; };
		1C835E0B235E9AE100CC21EB /* ScheduledCollectionCell.swift in Sources */ = {isa = PBXBuildFile; fileRef = 1C14E5BD235BACFE00E3CD94 /* ScheduledCollectionCell.swift */; };
		1C835E0D235E9B9B00CC21EB /* GenericSection.swift in Sources */ = {isa = PBXBuildFile; fileRef = 1C835E0C235E9B9B00CC21EB /* GenericSection.swift */; };
		1C835E0F235EA27E00CC21EB /* UITableView.swift in Sources */ = {isa = PBXBuildFile; fileRef = 1C835E0E235EA27E00CC21EB /* UITableView.swift */; };
		1C835E11235EA2CB00CC21EB /* UITableViewCell.swift in Sources */ = {isa = PBXBuildFile; fileRef = 1C835E10235EA2CB00CC21EB /* UITableViewCell.swift */; };
		1C835E14235EA61200CC21EB /* CollectionScheduleManager.swift in Sources */ = {isa = PBXBuildFile; fileRef = 1C835E13235EA61200CC21EB /* CollectionScheduleManager.swift */; };
		1C835E20235EA88000CC21EB /* PFUser+Rx.swift in Sources */ = {isa = PBXBuildFile; fileRef = 1C835E16235EA87F00CC21EB /* PFUser+Rx.swift */; };
		1C835E21235EA88000CC21EB /* PFGeoPoint+Rx.swift in Sources */ = {isa = PBXBuildFile; fileRef = 1C835E17235EA87F00CC21EB /* PFGeoPoint+Rx.swift */; };
		1C835E22235EA88000CC21EB /* PFPush+Rx.swift in Sources */ = {isa = PBXBuildFile; fileRef = 1C835E18235EA87F00CC21EB /* PFPush+Rx.swift */; };
		1C835E23235EA88000CC21EB /* Observable+ParseCreate.swift in Sources */ = {isa = PBXBuildFile; fileRef = 1C835E19235EA87F00CC21EB /* Observable+ParseCreate.swift */; };
		1C835E24235EA88000CC21EB /* PFObject+Rx.swift in Sources */ = {isa = PBXBuildFile; fileRef = 1C835E1A235EA88000CC21EB /* PFObject+Rx.swift */; };
		1C835E25235EA88000CC21EB /* PFAnonymousUtils+Rx.swift in Sources */ = {isa = PBXBuildFile; fileRef = 1C835E1B235EA88000CC21EB /* PFAnonymousUtils+Rx.swift */; };
		1C835E26235EA88000CC21EB /* PFCloud+Rx.swift in Sources */ = {isa = PBXBuildFile; fileRef = 1C835E1C235EA88000CC21EB /* PFCloud+Rx.swift */; };
		1C835E27235EA88000CC21EB /* ParseRxCallbacks.swift in Sources */ = {isa = PBXBuildFile; fileRef = 1C835E1D235EA88000CC21EB /* ParseRxCallbacks.swift */; };
		1C835E29235EA88000CC21EB /* PFQuery+Rx.swift in Sources */ = {isa = PBXBuildFile; fileRef = 1C835E1F235EA88000CC21EB /* PFQuery+Rx.swift */; };
		1C835E2B235FC73F00CC21EB /* GCError.swift in Sources */ = {isa = PBXBuildFile; fileRef = 1C835E2A235FC73F00CC21EB /* GCError.swift */; };
		1C835E2E23611DE200CC21EB /* NeighbourhoodSelectionController.swift in Sources */ = {isa = PBXBuildFile; fileRef = 1C835E2D23611DE200CC21EB /* NeighbourhoodSelectionController.swift */; };
		1C835E3023611DF400CC21EB /* NeighbourhoodSelectionViewModel.swift in Sources */ = {isa = PBXBuildFile; fileRef = 1C835E2F23611DF400CC21EB /* NeighbourhoodSelectionViewModel.swift */; };
		1C835E3323611F1D00CC21EB /* NeighbourhoodCell.swift in Sources */ = {isa = PBXBuildFile; fileRef = 1C835E3223611F1D00CC21EB /* NeighbourhoodCell.swift */; };
		1C835E352361212900CC21EB /* NeighbourhoodsManager.swift in Sources */ = {isa = PBXBuildFile; fileRef = 1C835E342361212900CC21EB /* NeighbourhoodsManager.swift */; };
		1C8996FC238AE2AC0004057A /* Location.swift in Sources */ = {isa = PBXBuildFile; fileRef = 1C8996FB238AE2AC0004057A /* Location.swift */; };
		1C8EA74E238C95C700BADB1A /* DatePickerViewController.swift in Sources */ = {isa = PBXBuildFile; fileRef = 1C8EA74D238C95C700BADB1A /* DatePickerViewController.swift */; };
		1C8EA750238C9BFD00BADB1A /* UIAlertController.swift in Sources */ = {isa = PBXBuildFile; fileRef = 1C8EA74F238C9BFD00BADB1A /* UIAlertController.swift */; };
		1C8EA752238C9DEA00BADB1A /* UIView.swift in Sources */ = {isa = PBXBuildFile; fileRef = 1C8EA751238C9DEA00BADB1A /* UIView.swift */; };
		1CB6CAB12380B15800E790CC /* CollectionPointCollectionViewCell.swift in Sources */ = {isa = PBXBuildFile; fileRef = 1CB6CAB02380B15800E790CC /* CollectionPointCollectionViewCell.swift */; };
		1CB6CAB32380BC7300E790CC /* UICollectionViewCell.swift in Sources */ = {isa = PBXBuildFile; fileRef = 1CB6CAB22380BC7300E790CC /* UICollectionViewCell.swift */; };
		1CB6CAB52380BC7D00E790CC /* UICollectionView.swift in Sources */ = {isa = PBXBuildFile; fileRef = 1CB6CAB42380BC7D00E790CC /* UICollectionView.swift */; };
		1CBA92FF238F57EC00CF01D4 /* GeocoderManager.swift in Sources */ = {isa = PBXBuildFile; fileRef = 1CBA92FE238F57EC00CF01D4 /* GeocoderManager.swift */; };
		1CC05479237E00C200268662 /* parseConnectionTest.swift in Sources */ = {isa = PBXBuildFile; fileRef = 1CC05478237E00C200268662 /* parseConnectionTest.swift */; };
		1CC84B8F2392FCDF00EDB794 /* GCSearchBarView.swift in Sources */ = {isa = PBXBuildFile; fileRef = 1CC84B8E2392FCDF00EDB794 /* GCSearchBarView.swift */; };
		1CCBF429239DCBD600F70E70 /* SettingsViewModel.swift in Sources */ = {isa = PBXBuildFile; fileRef = 1CCBF428239DCBD600F70E70 /* SettingsViewModel.swift */; };
		1CCBF42B239DD92D00F70E70 /* WebController.swift in Sources */ = {isa = PBXBuildFile; fileRef = 1CCBF42A239DD92D00F70E70 /* WebController.swift */; };
		1CE3432123666A2C001B1790 /* GCExpandableButton.swift in Sources */ = {isa = PBXBuildFile; fileRef = 1CE3432023666A2C001B1790 /* GCExpandableButton.swift */; };
		1CF15BA1235CBBE200664DE7 /* ParseSetup.swift in Sources */ = {isa = PBXBuildFile; fileRef = 1CF15BA0235CBBE200664DE7 /* ParseSetup.swift */; };
		1CF15BA3235CBE6B00664DE7 /* Installation.swift in Sources */ = {isa = PBXBuildFile; fileRef = 1CF15BA2235CBE6B00664DE7 /* Installation.swift */; };
		1CF15BA5235CC35C00664DE7 /* City.swift in Sources */ = {isa = PBXBuildFile; fileRef = 1CF15BA4235CC35C00664DE7 /* City.swift */; };
		1CF15BA7235CC36E00664DE7 /* CollectionPoint.swift in Sources */ = {isa = PBXBuildFile; fileRef = 1CF15BA6235CC36E00664DE7 /* CollectionPoint.swift */; };
		1CF15BA9235CC37F00664DE7 /* CollectionSchedule.swift in Sources */ = {isa = PBXBuildFile; fileRef = 1CF15BA8235CC37F00664DE7 /* CollectionSchedule.swift */; };
		1CF15BAB235CC39900664DE7 /* Feedback.swift in Sources */ = {isa = PBXBuildFile; fileRef = 1CF15BAA235CC39900664DE7 /* Feedback.swift */; };
		1CF15BAD235CC3AF00664DE7 /* Neighbourhood.swift in Sources */ = {isa = PBXBuildFile; fileRef = 1CF15BAC235CC3AF00664DE7 /* Neighbourhood.swift */; };
		1CF15BAF235CC3C700664DE7 /* RubbishReport.swift in Sources */ = {isa = PBXBuildFile; fileRef = 1CF15BAE235CC3C700664DE7 /* RubbishReport.swift */; };
		1CF15BB1235CCBE600664DE7 /* garbageCollectionModelTests.swift in Sources */ = {isa = PBXBuildFile; fileRef = 1CF15BB0235CCBE600664DE7 /* garbageCollectionModelTests.swift */; };
		44951860BA1C5FC9B320A43F /* Pods_garbageCollection.framework in Frameworks */ = {isa = PBXBuildFile; fileRef = 754C934B9F35301ECE101BCC /* Pods_garbageCollection.framework */; };
		4FDB432F94DF2AA7747DDF62 /* Pods_garbageCollectionTests.framework in Frameworks */ = {isa = PBXBuildFile; fileRef = ADC0BC4DF550F1DAFC2EEB9D /* Pods_garbageCollectionTests.framework */; };
		53C57C7ECF6A42E5C1591A6D /* Pods_garbageCollection_garbageCollectionUITests.framework in Frameworks */ = {isa = PBXBuildFile; fileRef = F4293A371DD06D01EC75FBE6 /* Pods_garbageCollection_garbageCollectionUITests.framework */; };
/* End PBXBuildFile section */

/* Begin PBXContainerItemProxy section */
		1C26CE602359430C008BB2D2 /* PBXContainerItemProxy */ = {
			isa = PBXContainerItemProxy;
			containerPortal = 1C26CE4123594307008BB2D2 /* Project object */;
			proxyType = 1;
			remoteGlobalIDString = 1C26CE4823594307008BB2D2;
			remoteInfo = garbageCollection;
		};
		1C26CE6B2359430C008BB2D2 /* PBXContainerItemProxy */ = {
			isa = PBXContainerItemProxy;
			containerPortal = 1C26CE4123594307008BB2D2 /* Project object */;
			proxyType = 1;
			remoteGlobalIDString = 1C26CE4823594307008BB2D2;
			remoteInfo = garbageCollection;
		};
/* End PBXContainerItemProxy section */

/* Begin PBXFileReference section */
		100451D4EEFF1FAC0E8A6DBD /* Pods-garbageCollection-garbageCollectionUITests.release.xcconfig */ = {isa = PBXFileReference; includeInIndex = 1; lastKnownFileType = text.xcconfig; name = "Pods-garbageCollection-garbageCollectionUITests.release.xcconfig"; path = "Target Support Files/Pods-garbageCollection-garbageCollectionUITests/Pods-garbageCollection-garbageCollectionUITests.release.xcconfig"; sourceTree = "<group>"; };
		1C14E5BD235BACFE00E3CD94 /* ScheduledCollectionCell.swift */ = {isa = PBXFileReference; lastKnownFileType = sourcecode.swift; path = ScheduledCollectionCell.swift; sourceTree = "<group>"; };
		1C14E5C0235BB48400E3CD94 /* NeighbourhoodSelectorView.swift */ = {isa = PBXFileReference; lastKnownFileType = sourcecode.swift; path = NeighbourhoodSelectorView.swift; sourceTree = "<group>"; };
		1C14E5C3235BB96D00E3CD94 /* UIImage.swift */ = {isa = PBXFileReference; lastKnownFileType = sourcecode.swift; path = UIImage.swift; sourceTree = "<group>"; };
		1C1799882389F39E0075F06C /* RubbishReportController.swift */ = {isa = PBXFileReference; lastKnownFileType = sourcecode.swift; path = RubbishReportController.swift; sourceTree = "<group>"; };
		1C17998A2389F3D90075F06C /* RubbishReportViewModel.swift */ = {isa = PBXFileReference; lastKnownFileType = sourcecode.swift; path = RubbishReportViewModel.swift; sourceTree = "<group>"; };
		1C17998D2389F54A0075F06C /* PictureSelectionView.swift */ = {isa = PBXFileReference; lastKnownFileType = sourcecode.swift; path = PictureSelectionView.swift; sourceTree = "<group>"; };
		1C17998F238A00150075F06C /* UITableViewCellConfigurator.swift */ = {isa = PBXFileReference; lastKnownFileType = sourcecode.swift; path = UITableViewCellConfigurator.swift; sourceTree = "<group>"; };
		1C179992238A027A0075F06C /* TextInputController.swift */ = {isa = PBXFileReference; lastKnownFileType = sourcecode.swift; path = TextInputController.swift; sourceTree = "<group>"; };
		1C21B3CA23941E8B003E0090 /* RubbishReportManager.swift */ = {isa = PBXFileReference; lastKnownFileType = sourcecode.swift; path = RubbishReportManager.swift; sourceTree = "<group>"; };
		1C21B3CC23941F8C003E0090 /* PFFileImageHelper.swift */ = {isa = PBXFileReference; lastKnownFileType = sourcecode.swift; path = PFFileImageHelper.swift; sourceTree = "<group>"; };
		1C21B3CE2394206F003E0090 /* PFFileObject+Rx.swift */ = {isa = PBXFileReference; lastKnownFileType = sourcecode.swift; path = "PFFileObject+Rx.swift"; sourceTree = "<group>"; };
		1C23C960238DFD7C00100BA1 /* LocationSelectionController.swift */ = {isa = PBXFileReference; lastKnownFileType = sourcecode.swift; path = LocationSelectionController.swift; sourceTree = "<group>"; };
		1C23C962238DFDB700100BA1 /* LocationSelectionViewModel.swift */ = {isa = PBXFileReference; lastKnownFileType = sourcecode.swift; path = LocationSelectionViewModel.swift; sourceTree = "<group>"; };
		1C26CE4923594307008BB2D2 /* garbageCollection.app */ = {isa = PBXFileReference; explicitFileType = wrapper.application; includeInIndex = 0; path = garbageCollection.app; sourceTree = BUILT_PRODUCTS_DIR; };
		1C26CE4C23594308008BB2D2 /* AppDelegate.swift */ = {isa = PBXFileReference; lastKnownFileType = sourcecode.swift; path = AppDelegate.swift; sourceTree = "<group>"; };
		1C26CE4E23594308008BB2D2 /* SceneDelegate.swift */ = {isa = PBXFileReference; lastKnownFileType = sourcecode.swift; path = SceneDelegate.swift; sourceTree = "<group>"; };
		1C26CE552359430C008BB2D2 /* Assets.xcassets */ = {isa = PBXFileReference; lastKnownFileType = folder.assetcatalog; path = Assets.xcassets; sourceTree = "<group>"; };
		1C26CE582359430C008BB2D2 /* Base */ = {isa = PBXFileReference; lastKnownFileType = file.storyboard; name = Base; path = Base.lproj/LaunchScreen.storyboard; sourceTree = "<group>"; };
		1C26CE5A2359430C008BB2D2 /* Info.plist */ = {isa = PBXFileReference; lastKnownFileType = text.plist.xml; path = Info.plist; sourceTree = "<group>"; };
		1C26CE5F2359430C008BB2D2 /* garbageCollectionTests.xctest */ = {isa = PBXFileReference; explicitFileType = wrapper.cfbundle; includeInIndex = 0; path = garbageCollectionTests.xctest; sourceTree = BUILT_PRODUCTS_DIR; };
		1C26CE632359430C008BB2D2 /* garbageCollectionTests.swift */ = {isa = PBXFileReference; lastKnownFileType = sourcecode.swift; path = garbageCollectionTests.swift; sourceTree = "<group>"; };
		1C26CE652359430C008BB2D2 /* Info.plist */ = {isa = PBXFileReference; lastKnownFileType = text.plist.xml; path = Info.plist; sourceTree = "<group>"; };
		1C26CE6A2359430C008BB2D2 /* garbageCollectionUITests.xctest */ = {isa = PBXFileReference; explicitFileType = wrapper.cfbundle; includeInIndex = 0; path = garbageCollectionUITests.xctest; sourceTree = BUILT_PRODUCTS_DIR; };
		1C26CE6E2359430C008BB2D2 /* garbageCollectionUITests.swift */ = {isa = PBXFileReference; lastKnownFileType = sourcecode.swift; path = garbageCollectionUITests.swift; sourceTree = "<group>"; };
		1C26CE702359430C008BB2D2 /* Info.plist */ = {isa = PBXFileReference; lastKnownFileType = text.plist.xml; path = Info.plist; sourceTree = "<group>"; };
		1C26CE86235944FC008BB2D2 /* Production.xcconfig */ = {isa = PBXFileReference; lastKnownFileType = text.xcconfig; path = Production.xcconfig; sourceTree = "<group>"; };
		1C309ED8238CA73200B2F063 /* BasicTableViewCell.swift */ = {isa = PBXFileReference; lastKnownFileType = sourcecode.swift; path = BasicTableViewCell.swift; sourceTree = "<group>"; };
		1C31CBE8235B55D400653E19 /* AppCoordinator.swift */ = {isa = PBXFileReference; lastKnownFileType = sourcecode.swift; path = AppCoordinator.swift; sourceTree = "<group>"; };
		1C31CBEA235B564B00653E19 /* RootViewCoordinator.swift */ = {isa = PBXFileReference; lastKnownFileType = sourcecode.swift; path = RootViewCoordinator.swift; sourceTree = "<group>"; };
		1C31CBEC235B566A00653E19 /* Coordinator.swift */ = {isa = PBXFileReference; lastKnownFileType = sourcecode.swift; path = Coordinator.swift; sourceTree = "<group>"; };
		1C31CBEE235B578100653E19 /* Environment.swift */ = {isa = PBXFileReference; lastKnownFileType = sourcecode.swift; path = Environment.swift; sourceTree = "<group>"; };
		1C31CBF0235B5B2C00653E19 /* MapCoordinator.swift */ = {isa = PBXFileReference; lastKnownFileType = sourcecode.swift; path = MapCoordinator.swift; sourceTree = "<group>"; };
		1C31CBF2235B5B7E00653E19 /* CalendarCoordinator.swift */ = {isa = PBXFileReference; lastKnownFileType = sourcecode.swift; path = CalendarCoordinator.swift; sourceTree = "<group>"; };
		1C31CBF4235B5B8C00653E19 /* SettingsCoordinator.swift */ = {isa = PBXFileReference; lastKnownFileType = sourcecode.swift; path = SettingsCoordinator.swift; sourceTree = "<group>"; };
		1C31CBF8235B5D2B00653E19 /* GCNavigationBar.swift */ = {isa = PBXFileReference; lastKnownFileType = sourcecode.swift; path = GCNavigationBar.swift; sourceTree = "<group>"; };
		1C31CBFA235B5D8000653E19 /* GCNavigationController.swift */ = {isa = PBXFileReference; lastKnownFileType = sourcecode.swift; path = GCNavigationController.swift; sourceTree = "<group>"; };
		1C31CBFE235B5DD700653E19 /* UIColor.swift */ = {isa = PBXFileReference; lastKnownFileType = sourcecode.swift; path = UIColor.swift; sourceTree = "<group>"; };
		1C31CC03235B6AA600653E19 /* CalendarController.swift */ = {isa = PBXFileReference; lastKnownFileType = sourcecode.swift; path = CalendarController.swift; sourceTree = "<group>"; };
		1C31CC05235B6AB300653E19 /* MapController.swift */ = {isa = PBXFileReference; lastKnownFileType = sourcecode.swift; path = MapController.swift; sourceTree = "<group>"; };
		1C31CC07235B6AC100653E19 /* SettingsController.swift */ = {isa = PBXFileReference; lastKnownFileType = sourcecode.swift; path = SettingsController.swift; sourceTree = "<group>"; };
		1C31CC09235B705400653E19 /* CalendarViewModel.swift */ = {isa = PBXFileReference; lastKnownFileType = sourcecode.swift; path = CalendarViewModel.swift; sourceTree = "<group>"; };
		1C31CC0B235B70CC00653E19 /* GCViewModelController.swift */ = {isa = PBXFileReference; lastKnownFileType = sourcecode.swift; path = GCViewModelController.swift; sourceTree = "<group>"; };
		1C31CC0D235B72BC00653E19 /* MapViewModel.swift */ = {isa = PBXFileReference; lastKnownFileType = sourcecode.swift; path = MapViewModel.swift; sourceTree = "<group>"; };
		1C46181723594A6B0054B22B /* SplashController.swift */ = {isa = PBXFileReference; lastKnownFileType = sourcecode.swift; path = SplashController.swift; sourceTree = "<group>"; };
		1C57CAF1235CE114004D0E0C /* String.swift */ = {isa = PBXFileReference; lastKnownFileType = sourcecode.swift; path = String.swift; sourceTree = "<group>"; };
		1C696C422364C37500632085 /* NotificationsManager.swift */ = {isa = PBXFileReference; lastKnownFileType = sourcecode.swift; path = NotificationsManager.swift; sourceTree = "<group>"; };
		1C696C442365EB7500632085 /* Date.swift */ = {isa = PBXFileReference; lastKnownFileType = sourcecode.swift; path = Date.swift; sourceTree = "<group>"; };
		1C696C4723660CA300632085 /* UserNotification+Rx.swift */ = {isa = PBXFileReference; lastKnownFileType = sourcecode.swift; path = "UserNotification+Rx.swift"; sourceTree = "<group>"; };
		1C696C4B2366617C00632085 /* CollectionPointFilterController.swift */ = {isa = PBXFileReference; lastKnownFileType = sourcecode.swift; path = CollectionPointFilterController.swift; sourceTree = "<group>"; };
		1C696C4D2366619200632085 /* CollectionPointFilterViewModel.swift */ = {isa = PBXFileReference; lastKnownFileType = sourcecode.swift; path = CollectionPointFilterViewModel.swift; sourceTree = "<group>"; };
		1C7489B32390AA4B00958A13 /* PaddingLabel.swift */ = {isa = PBXFileReference; lastKnownFileType = sourcecode.swift; path = PaddingLabel.swift; sourceTree = "<group>"; };
		1C7A43BC23724F59005210B9 /* CollectionPointsManager.swift */ = {isa = PBXFileReference; lastKnownFileType = sourcecode.swift; path = CollectionPointsManager.swift; sourceTree = "<group>"; };
		1C7A43BE23725DCE005210B9 /* CollectionPointMarker.swift */ = {isa = PBXFileReference; lastKnownFileType = sourcecode.swift; path = CollectionPointMarker.swift; sourceTree = "<group>"; };
		1C7A43C023725E97005210B9 /* PFGeoPoint.swift */ = {isa = PBXFileReference; lastKnownFileType = sourcecode.swift; path = PFGeoPoint.swift; sourceTree = "<group>"; };
		1C7A43C323727B28005210B9 /* CollectionPointAnnotationView.swift */ = {isa = PBXFileReference; lastKnownFileType = sourcecode.swift; path = CollectionPointAnnotationView.swift; sourceTree = "<group>"; };
		1C7A43C62373C119005210B9 /* SelectableCell.swift */ = {isa = PBXFileReference; lastKnownFileType = sourcecode.swift; path = SelectableCell.swift; sourceTree = "<group>"; };
		1C835E09235E917200CC21EB /* WeekDayCollectionSchedule.swift */ = {isa = PBXFileReference; lastKnownFileType = sourcecode.swift; path = WeekDayCollectionSchedule.swift; sourceTree = "<group>"; };
		1C835E0C235E9B9B00CC21EB /* GenericSection.swift */ = {isa = PBXFileReference; lastKnownFileType = sourcecode.swift; path = GenericSection.swift; sourceTree = "<group>"; };
		1C835E0E235EA27E00CC21EB /* UITableView.swift */ = {isa = PBXFileReference; lastKnownFileType = sourcecode.swift; path = UITableView.swift; sourceTree = "<group>"; };
		1C835E10235EA2CB00CC21EB /* UITableViewCell.swift */ = {isa = PBXFileReference; lastKnownFileType = sourcecode.swift; path = UITableViewCell.swift; sourceTree = "<group>"; };
		1C835E13235EA61200CC21EB /* CollectionScheduleManager.swift */ = {isa = PBXFileReference; lastKnownFileType = sourcecode.swift; path = CollectionScheduleManager.swift; sourceTree = "<group>"; };
		1C835E16235EA87F00CC21EB /* PFUser+Rx.swift */ = {isa = PBXFileReference; fileEncoding = 4; lastKnownFileType = sourcecode.swift; path = "PFUser+Rx.swift"; sourceTree = "<group>"; };
		1C835E17235EA87F00CC21EB /* PFGeoPoint+Rx.swift */ = {isa = PBXFileReference; fileEncoding = 4; lastKnownFileType = sourcecode.swift; path = "PFGeoPoint+Rx.swift"; sourceTree = "<group>"; };
		1C835E18235EA87F00CC21EB /* PFPush+Rx.swift */ = {isa = PBXFileReference; fileEncoding = 4; lastKnownFileType = sourcecode.swift; path = "PFPush+Rx.swift"; sourceTree = "<group>"; };
		1C835E19235EA87F00CC21EB /* Observable+ParseCreate.swift */ = {isa = PBXFileReference; fileEncoding = 4; lastKnownFileType = sourcecode.swift; path = "Observable+ParseCreate.swift"; sourceTree = "<group>"; };
		1C835E1A235EA88000CC21EB /* PFObject+Rx.swift */ = {isa = PBXFileReference; fileEncoding = 4; lastKnownFileType = sourcecode.swift; path = "PFObject+Rx.swift"; sourceTree = "<group>"; };
		1C835E1B235EA88000CC21EB /* PFAnonymousUtils+Rx.swift */ = {isa = PBXFileReference; fileEncoding = 4; lastKnownFileType = sourcecode.swift; path = "PFAnonymousUtils+Rx.swift"; sourceTree = "<group>"; };
		1C835E1C235EA88000CC21EB /* PFCloud+Rx.swift */ = {isa = PBXFileReference; fileEncoding = 4; lastKnownFileType = sourcecode.swift; path = "PFCloud+Rx.swift"; sourceTree = "<group>"; };
		1C835E1D235EA88000CC21EB /* ParseRxCallbacks.swift */ = {isa = PBXFileReference; fileEncoding = 4; lastKnownFileType = sourcecode.swift; path = ParseRxCallbacks.swift; sourceTree = "<group>"; };
		1C835E1F235EA88000CC21EB /* PFQuery+Rx.swift */ = {isa = PBXFileReference; fileEncoding = 4; lastKnownFileType = sourcecode.swift; path = "PFQuery+Rx.swift"; sourceTree = "<group>"; };
		1C835E2A235FC73F00CC21EB /* GCError.swift */ = {isa = PBXFileReference; lastKnownFileType = sourcecode.swift; path = GCError.swift; sourceTree = "<group>"; };
		1C835E2D23611DE200CC21EB /* NeighbourhoodSelectionController.swift */ = {isa = PBXFileReference; lastKnownFileType = sourcecode.swift; path = NeighbourhoodSelectionController.swift; sourceTree = "<group>"; };
		1C835E2F23611DF400CC21EB /* NeighbourhoodSelectionViewModel.swift */ = {isa = PBXFileReference; lastKnownFileType = sourcecode.swift; path = NeighbourhoodSelectionViewModel.swift; sourceTree = "<group>"; };
		1C835E3223611F1D00CC21EB /* NeighbourhoodCell.swift */ = {isa = PBXFileReference; lastKnownFileType = sourcecode.swift; path = NeighbourhoodCell.swift; sourceTree = "<group>"; };
		1C835E342361212900CC21EB /* NeighbourhoodsManager.swift */ = {isa = PBXFileReference; lastKnownFileType = sourcecode.swift; path = NeighbourhoodsManager.swift; sourceTree = "<group>"; };
		1C8996FB238AE2AC0004057A /* Location.swift */ = {isa = PBXFileReference; lastKnownFileType = sourcecode.swift; path = Location.swift; sourceTree = "<group>"; };
		1C8EA74D238C95C700BADB1A /* DatePickerViewController.swift */ = {isa = PBXFileReference; lastKnownFileType = sourcecode.swift; path = DatePickerViewController.swift; sourceTree = "<group>"; };
		1C8EA74F238C9BFD00BADB1A /* UIAlertController.swift */ = {isa = PBXFileReference; lastKnownFileType = sourcecode.swift; path = UIAlertController.swift; sourceTree = "<group>"; };
		1C8EA751238C9DEA00BADB1A /* UIView.swift */ = {isa = PBXFileReference; lastKnownFileType = sourcecode.swift; path = UIView.swift; sourceTree = "<group>"; };
		1C9902DD2389CB520000A457 /* Development.xcconfig */ = {isa = PBXFileReference; lastKnownFileType = text.xcconfig; path = Development.xcconfig; sourceTree = "<group>"; };
		1CB6CAAE2380AF6900E790CC /* CGCollectionViewFlowLayout.swift */ = {isa = PBXFileReference; lastKnownFileType = sourcecode.swift; path = CGCollectionViewFlowLayout.swift; sourceTree = "<group>"; };
		1CB6CAB02380B15800E790CC /* CollectionPointCollectionViewCell.swift */ = {isa = PBXFileReference; lastKnownFileType = sourcecode.swift; path = CollectionPointCollectionViewCell.swift; sourceTree = "<group>"; };
		1CB6CAB22380BC7300E790CC /* UICollectionViewCell.swift */ = {isa = PBXFileReference; lastKnownFileType = sourcecode.swift; path = UICollectionViewCell.swift; sourceTree = "<group>"; };
		1CB6CAB42380BC7D00E790CC /* UICollectionView.swift */ = {isa = PBXFileReference; lastKnownFileType = sourcecode.swift; path = UICollectionView.swift; sourceTree = "<group>"; };
		1CBA92FE238F57EC00CF01D4 /* GeocoderManager.swift */ = {isa = PBXFileReference; lastKnownFileType = sourcecode.swift; path = GeocoderManager.swift; sourceTree = "<group>"; };
		1CC05478237E00C200268662 /* parseConnectionTest.swift */ = {isa = PBXFileReference; lastKnownFileType = sourcecode.swift; path = parseConnectionTest.swift; sourceTree = "<group>"; };
		1CC84B8E2392FCDF00EDB794 /* GCSearchBarView.swift */ = {isa = PBXFileReference; lastKnownFileType = sourcecode.swift; path = GCSearchBarView.swift; sourceTree = "<group>"; };
		1CCBF428239DCBD600F70E70 /* SettingsViewModel.swift */ = {isa = PBXFileReference; lastKnownFileType = sourcecode.swift; path = SettingsViewModel.swift; sourceTree = "<group>"; };
		1CCBF42A239DD92D00F70E70 /* WebController.swift */ = {isa = PBXFileReference; lastKnownFileType = sourcecode.swift; path = WebController.swift; sourceTree = "<group>"; };
		1CE3432023666A2C001B1790 /* GCExpandableButton.swift */ = {isa = PBXFileReference; lastKnownFileType = sourcecode.swift; path = GCExpandableButton.swift; sourceTree = "<group>"; };
		1CF15BA0235CBBE200664DE7 /* ParseSetup.swift */ = {isa = PBXFileReference; lastKnownFileType = sourcecode.swift; path = ParseSetup.swift; sourceTree = "<group>"; };
		1CF15BA2235CBE6B00664DE7 /* Installation.swift */ = {isa = PBXFileReference; lastKnownFileType = sourcecode.swift; path = Installation.swift; sourceTree = "<group>"; };
		1CF15BA4235CC35C00664DE7 /* City.swift */ = {isa = PBXFileReference; lastKnownFileType = sourcecode.swift; path = City.swift; sourceTree = "<group>"; };
		1CF15BA6235CC36E00664DE7 /* CollectionPoint.swift */ = {isa = PBXFileReference; lastKnownFileType = sourcecode.swift; path = CollectionPoint.swift; sourceTree = "<group>"; };
		1CF15BA8235CC37F00664DE7 /* CollectionSchedule.swift */ = {isa = PBXFileReference; lastKnownFileType = sourcecode.swift; path = CollectionSchedule.swift; sourceTree = "<group>"; };
		1CF15BAA235CC39900664DE7 /* Feedback.swift */ = {isa = PBXFileReference; lastKnownFileType = sourcecode.swift; path = Feedback.swift; sourceTree = "<group>"; };
		1CF15BAC235CC3AF00664DE7 /* Neighbourhood.swift */ = {isa = PBXFileReference; lastKnownFileType = sourcecode.swift; path = Neighbourhood.swift; sourceTree = "<group>"; };
		1CF15BAE235CC3C700664DE7 /* RubbishReport.swift */ = {isa = PBXFileReference; lastKnownFileType = sourcecode.swift; path = RubbishReport.swift; sourceTree = "<group>"; };
		1CF15BB0235CCBE600664DE7 /* garbageCollectionModelTests.swift */ = {isa = PBXFileReference; lastKnownFileType = sourcecode.swift; path = garbageCollectionModelTests.swift; sourceTree = "<group>"; };
		230CA8F4FBB518C122C2F346 /* Pods-garbageCollectionTests.release.xcconfig */ = {isa = PBXFileReference; includeInIndex = 1; lastKnownFileType = text.xcconfig; name = "Pods-garbageCollectionTests.release.xcconfig"; path = "Target Support Files/Pods-garbageCollectionTests/Pods-garbageCollectionTests.release.xcconfig"; sourceTree = "<group>"; };
		5E136BBFF91D51B0B72DD3DA /* Pods-garbageCollection.release.xcconfig */ = {isa = PBXFileReference; includeInIndex = 1; lastKnownFileType = text.xcconfig; name = "Pods-garbageCollection.release.xcconfig"; path = "Target Support Files/Pods-garbageCollection/Pods-garbageCollection.release.xcconfig"; sourceTree = "<group>"; };
		754C934B9F35301ECE101BCC /* Pods_garbageCollection.framework */ = {isa = PBXFileReference; explicitFileType = wrapper.framework; includeInIndex = 0; path = Pods_garbageCollection.framework; sourceTree = BUILT_PRODUCTS_DIR; };
		A1977D5114702DCE7CA8EF30 /* Pods-garbageCollection.debug.xcconfig */ = {isa = PBXFileReference; includeInIndex = 1; lastKnownFileType = text.xcconfig; name = "Pods-garbageCollection.debug.xcconfig"; path = "Target Support Files/Pods-garbageCollection/Pods-garbageCollection.debug.xcconfig"; sourceTree = "<group>"; };
		ADC0BC4DF550F1DAFC2EEB9D /* Pods_garbageCollectionTests.framework */ = {isa = PBXFileReference; explicitFileType = wrapper.framework; includeInIndex = 0; path = Pods_garbageCollectionTests.framework; sourceTree = BUILT_PRODUCTS_DIR; };
		B232AFD7DF45A98E0E1F5428 /* Pods-garbageCollection-garbageCollectionUITests.debug.xcconfig */ = {isa = PBXFileReference; includeInIndex = 1; lastKnownFileType = text.xcconfig; name = "Pods-garbageCollection-garbageCollectionUITests.debug.xcconfig"; path = "Target Support Files/Pods-garbageCollection-garbageCollectionUITests/Pods-garbageCollection-garbageCollectionUITests.debug.xcconfig"; sourceTree = "<group>"; };
		F4293A371DD06D01EC75FBE6 /* Pods_garbageCollection_garbageCollectionUITests.framework */ = {isa = PBXFileReference; explicitFileType = wrapper.framework; includeInIndex = 0; path = Pods_garbageCollection_garbageCollectionUITests.framework; sourceTree = BUILT_PRODUCTS_DIR; };
		FCA2F10B3AE146452F02732F /* Pods-garbageCollectionTests.debug.xcconfig */ = {isa = PBXFileReference; includeInIndex = 1; lastKnownFileType = text.xcconfig; name = "Pods-garbageCollectionTests.debug.xcconfig"; path = "Target Support Files/Pods-garbageCollectionTests/Pods-garbageCollectionTests.debug.xcconfig"; sourceTree = "<group>"; };
/* End PBXFileReference section */

/* Begin PBXFrameworksBuildPhase section */
		1C26CE4623594307008BB2D2 /* Frameworks */ = {
			isa = PBXFrameworksBuildPhase;
			buildActionMask = 2147483647;
			files = (
				44951860BA1C5FC9B320A43F /* Pods_garbageCollection.framework in Frameworks */,
			);
			runOnlyForDeploymentPostprocessing = 0;
		};
		1C26CE5C2359430C008BB2D2 /* Frameworks */ = {
			isa = PBXFrameworksBuildPhase;
			buildActionMask = 2147483647;
			files = (
				4FDB432F94DF2AA7747DDF62 /* Pods_garbageCollectionTests.framework in Frameworks */,
			);
			runOnlyForDeploymentPostprocessing = 0;
		};
		1C26CE672359430C008BB2D2 /* Frameworks */ = {
			isa = PBXFrameworksBuildPhase;
			buildActionMask = 2147483647;
			files = (
				53C57C7ECF6A42E5C1591A6D /* Pods_garbageCollection_garbageCollectionUITests.framework in Frameworks */,
			);
			runOnlyForDeploymentPostprocessing = 0;
		};
/* End PBXFrameworksBuildPhase section */

/* Begin PBXGroup section */
		015F591B4B52296A78FA29BB /* Frameworks */ = {
			isa = PBXGroup;
			children = (
				754C934B9F35301ECE101BCC /* Pods_garbageCollection.framework */,
				F4293A371DD06D01EC75FBE6 /* Pods_garbageCollection_garbageCollectionUITests.framework */,
				ADC0BC4DF550F1DAFC2EEB9D /* Pods_garbageCollectionTests.framework */,
			);
			name = Frameworks;
			sourceTree = "<group>";
		};
		1C14E5B9235BACC300E3CD94 /* Calendar Flow */ = {
			isa = PBXGroup;
			children = (
				1C31CC01235B6A7F00653E19 /* Calendar */,
				1C835E2C23611DC300CC21EB /* Neighbourhood Selection */,
			);
			path = "Calendar Flow";
			sourceTree = "<group>";
		};
		1C14E5BC235BACE900E3CD94 /* Cells */ = {
			isa = PBXGroup;
			children = (
				1C14E5BD235BACFE00E3CD94 /* ScheduledCollectionCell.swift */,
			);
			path = Cells;
			sourceTree = "<group>";
		};
		1C14E5BF235BB44500E3CD94 /* Views */ = {
			isa = PBXGroup;
			children = (
				1C14E5C0235BB48400E3CD94 /* NeighbourhoodSelectorView.swift */,
			);
			path = Views;
			sourceTree = "<group>";
		};
		1C1799872389F3650075F06C /* Rubbish Report */ = {
			isa = PBXGroup;
			children = (
				1C1799882389F39E0075F06C /* RubbishReportController.swift */,
				1C17998A2389F3D90075F06C /* RubbishReportViewModel.swift */,
				1C17998C2389F50D0075F06C /* Subviews */,
			);
			path = "Rubbish Report";
			sourceTree = "<group>";
		};
		1C17998C2389F50D0075F06C /* Subviews */ = {
			isa = PBXGroup;
			children = (
				1C17998D2389F54A0075F06C /* PictureSelectionView.swift */,
			);
			path = Subviews;
			sourceTree = "<group>";
		};
		1C179991238A02570075F06C /* TextInputController */ = {
			isa = PBXGroup;
			children = (
				1C179992238A027A0075F06C /* TextInputController.swift */,
			);
			path = TextInputController;
			sourceTree = "<group>";
		};
		1C23C95F238DFD6200100BA1 /* LocationSelectionController */ = {
			isa = PBXGroup;
			children = (
				1C23C960238DFD7C00100BA1 /* LocationSelectionController.swift */,
				1C23C962238DFDB700100BA1 /* LocationSelectionViewModel.swift */,
			);
			path = LocationSelectionController;
			sourceTree = "<group>";
		};
		1C26CE4023594307008BB2D2 = {
			isa = PBXGroup;
			children = (
				1C26CE4B23594307008BB2D2 /* garbageCollection */,
				1C26CE622359430C008BB2D2 /* garbageCollectionTests */,
				1C26CE6D2359430C008BB2D2 /* garbageCollectionUITests */,
				1C26CE4A23594307008BB2D2 /* Products */,
				9FFD45C963FCAFA94B5FD08D /* Pods */,
				015F591B4B52296A78FA29BB /* Frameworks */,
			);
			sourceTree = "<group>";
		};
		1C26CE4A23594307008BB2D2 /* Products */ = {
			isa = PBXGroup;
			children = (
				1C26CE4923594307008BB2D2 /* garbageCollection.app */,
				1C26CE5F2359430C008BB2D2 /* garbageCollectionTests.xctest */,
				1C26CE6A2359430C008BB2D2 /* garbageCollectionUITests.xctest */,
			);
			name = Products;
			sourceTree = "<group>";
		};
		1C26CE4B23594307008BB2D2 /* garbageCollection */ = {
			isa = PBXGroup;
			children = (
				1C26CE7C235943D7008BB2D2 /* Core */,
				1CF15B9E235CBB2500664DE7 /* Models */,
				1C31CBF7235B5D0E00653E19 /* Views */,
				1C31CC00235B647500653E19 /* Utils */,
				1C461815235949FE0054B22B /* Coordinators */,
				1C26CE8123594468008BB2D2 /* ViewControllers */,
				1C835E12235EA5FB00CC21EB /* Managers */,
				1C26CE7D2359442E008BB2D2 /* Resources */,
				1C26CE5A2359430C008BB2D2 /* Info.plist */,
			);
			path = garbageCollection;
			sourceTree = "<group>";
		};
		1C26CE622359430C008BB2D2 /* garbageCollectionTests */ = {
			isa = PBXGroup;
			children = (
				1C26CE632359430C008BB2D2 /* garbageCollectionTests.swift */,
				1CF15BB0235CCBE600664DE7 /* garbageCollectionModelTests.swift */,
				1CC05478237E00C200268662 /* parseConnectionTest.swift */,
				1C26CE652359430C008BB2D2 /* Info.plist */,
			);
			path = garbageCollectionTests;
			sourceTree = "<group>";
		};
		1C26CE6D2359430C008BB2D2 /* garbageCollectionUITests */ = {
			isa = PBXGroup;
			children = (
				1C26CE6E2359430C008BB2D2 /* garbageCollectionUITests.swift */,
				1C26CE702359430C008BB2D2 /* Info.plist */,
			);
			path = garbageCollectionUITests;
			sourceTree = "<group>";
		};
		1C26CE7C235943D7008BB2D2 /* Core */ = {
			isa = PBXGroup;
			children = (
				1C26CE4C23594308008BB2D2 /* AppDelegate.swift */,
				1C26CE4E23594308008BB2D2 /* SceneDelegate.swift */,
			);
			path = Core;
			sourceTree = "<group>";
		};
		1C26CE7D2359442E008BB2D2 /* Resources */ = {
			isa = PBXGroup;
			children = (
				1C26CE82235944AD008BB2D2 /* Configs */,
				1C26CE7F2359443F008BB2D2 /* Storyboards */,
				1C26CE7E23594436008BB2D2 /* Images */,
			);
			path = Resources;
			sourceTree = "<group>";
		};
		1C26CE7E23594436008BB2D2 /* Images */ = {
			isa = PBXGroup;
			children = (
				1C26CE552359430C008BB2D2 /* Assets.xcassets */,
			);
			path = Images;
			sourceTree = "<group>";
		};
		1C26CE7F2359443F008BB2D2 /* Storyboards */ = {
			isa = PBXGroup;
			children = (
				1C26CE572359430C008BB2D2 /* LaunchScreen.storyboard */,
			);
			path = Storyboards;
			sourceTree = "<group>";
		};
		1C26CE8023594462008BB2D2 /* Extensions */ = {
			isa = PBXGroup;
			children = (
				1C696C4623660C8F00632085 /* UserNotifications */,
				1C835E15235EA62600CC21EB /* RxParseExtensions */,
				1C31CBFD235B5DC300653E19 /* UIKit */,
				1C31CBFC235B5DB800653E19 /* Foundation */,
			);
			path = Extensions;
			sourceTree = "<group>";
		};
		1C26CE8123594468008BB2D2 /* ViewControllers */ = {
			isa = PBXGroup;
			children = (
				1C46181623594A560054B22B /* Common */,
				1C14E5B9235BACC300E3CD94 /* Calendar Flow */,
				1C31CBF6235B5B9900653E19 /* Map Flow */,
				1C31CC02235B6A8600653E19 /* Settings */,
			);
			path = ViewControllers;
			sourceTree = "<group>";
		};
		1C26CE82235944AD008BB2D2 /* Configs */ = {
			isa = PBXGroup;
			children = (
				1C9902DD2389CB520000A457 /* Development.xcconfig */,
				1C26CE86235944FC008BB2D2 /* Production.xcconfig */,
				1C31CBEE235B578100653E19 /* Environment.swift */,
			);
			path = Configs;
			sourceTree = "<group>";
		};
		1C31CBF6235B5B9900653E19 /* Map Flow */ = {
			isa = PBXGroup;
			children = (
				1C1799872389F3650075F06C /* Rubbish Report */,
				1C696C4A2366615600632085 /* Filter */,
				1C696C4923665F5900632085 /* Map */,
			);
			path = "Map Flow";
			sourceTree = "<group>";
		};
		1C31CBF7235B5D0E00653E19 /* Views */ = {
			isa = PBXGroup;
			children = (
				1C7A43C223727B10005210B9 /* Map views */,
				1C31CBF8235B5D2B00653E19 /* GCNavigationBar.swift */,
				1C31CBFA235B5D8000653E19 /* GCNavigationController.swift */,
				1C31CC0B235B70CC00653E19 /* GCViewModelController.swift */,
				1CE3432023666A2C001B1790 /* GCExpandableButton.swift */,
				1CB6CAAE2380AF6900E790CC /* CGCollectionViewFlowLayout.swift */,
				1C8EA74D238C95C700BADB1A /* DatePickerViewController.swift */,
				1C309ED8238CA73200B2F063 /* BasicTableViewCell.swift */,
				1C7489B32390AA4B00958A13 /* PaddingLabel.swift */,
				1CC84B8E2392FCDF00EDB794 /* GCSearchBarView.swift */,
			);
			path = Views;
			sourceTree = "<group>";
		};
		1C31CBFC235B5DB800653E19 /* Foundation */ = {
			isa = PBXGroup;
			children = (
				1C57CAF1235CE114004D0E0C /* String.swift */,
				1C696C442365EB7500632085 /* Date.swift */,
			);
			path = Foundation;
			sourceTree = "<group>";
		};
		1C31CBFD235B5DC300653E19 /* UIKit */ = {
			isa = PBXGroup;
			children = (
				1C8EA751238C9DEA00BADB1A /* UIView.swift */,
				1C31CBFE235B5DD700653E19 /* UIColor.swift */,
				1C14E5C3235BB96D00E3CD94 /* UIImage.swift */,
				1C835E0E235EA27E00CC21EB /* UITableView.swift */,
				1C835E10235EA2CB00CC21EB /* UITableViewCell.swift */,
				1CB6CAB42380BC7D00E790CC /* UICollectionView.swift */,
				1CB6CAB22380BC7300E790CC /* UICollectionViewCell.swift */,
				1C8EA74F238C9BFD00BADB1A /* UIAlertController.swift */,
			);
			path = UIKit;
			sourceTree = "<group>";
		};
		1C31CC00235B647500653E19 /* Utils */ = {
			isa = PBXGroup;
			children = (
				1C26CE8023594462008BB2D2 /* Extensions */,
				1CF15BA0235CBBE200664DE7 /* ParseSetup.swift */,
				1C21B3CC23941F8C003E0090 /* PFFileImageHelper.swift */,
				1C835E0C235E9B9B00CC21EB /* GenericSection.swift */,
				1C835E2A235FC73F00CC21EB /* GCError.swift */,
				1C17998F238A00150075F06C /* UITableViewCellConfigurator.swift */,
			);
			path = Utils;
			sourceTree = "<group>";
		};
		1C31CC01235B6A7F00653E19 /* Calendar */ = {
			isa = PBXGroup;
			children = (
				1C31CC03235B6AA600653E19 /* CalendarController.swift */,
				1C31CC09235B705400653E19 /* CalendarViewModel.swift */,
				1C14E5BF235BB44500E3CD94 /* Views */,
				1C14E5BC235BACE900E3CD94 /* Cells */,
			);
			path = Calendar;
			sourceTree = "<group>";
		};
		1C31CC02235B6A8600653E19 /* Settings */ = {
			isa = PBXGroup;
			children = (
				1C31CC07235B6AC100653E19 /* SettingsController.swift */,
				1CCBF428239DCBD600F70E70 /* SettingsViewModel.swift */,
			);
			path = Settings;
			sourceTree = "<group>";
		};
		1C461815235949FE0054B22B /* Coordinators */ = {
			isa = PBXGroup;
			children = (
				1C31CBE8235B55D400653E19 /* AppCoordinator.swift */,
				1C31CBEA235B564B00653E19 /* RootViewCoordinator.swift */,
				1C31CBEC235B566A00653E19 /* Coordinator.swift */,
				1C31CBF0235B5B2C00653E19 /* MapCoordinator.swift */,
				1C31CBF2235B5B7E00653E19 /* CalendarCoordinator.swift */,
				1C31CBF4235B5B8C00653E19 /* SettingsCoordinator.swift */,
			);
			path = Coordinators;
			sourceTree = "<group>";
		};
		1C46181623594A560054B22B /* Common */ = {
			isa = PBXGroup;
			children = (
				1C46181723594A6B0054B22B /* SplashController.swift */,
				1CCBF42A239DD92D00F70E70 /* WebController.swift */,
				1C23C95F238DFD6200100BA1 /* LocationSelectionController */,
				1C179991238A02570075F06C /* TextInputController */,
			);
			path = Common;
			sourceTree = "<group>";
		};
		1C696C4623660C8F00632085 /* UserNotifications */ = {
			isa = PBXGroup;
			children = (
				1C696C4723660CA300632085 /* UserNotification+Rx.swift */,
			);
			path = UserNotifications;
			sourceTree = "<group>";
		};
		1C696C4923665F5900632085 /* Map */ = {
			isa = PBXGroup;
			children = (
				1C31CC05235B6AB300653E19 /* MapController.swift */,
				1C31CC0D235B72BC00653E19 /* MapViewModel.swift */,
				1CB6CAAC2380AF3D00E790CC /* Cells */,
			);
			path = Map;
			sourceTree = "<group>";
		};
		1C696C4A2366615600632085 /* Filter */ = {
			isa = PBXGroup;
			children = (
				1C696C4B2366617C00632085 /* CollectionPointFilterController.swift */,
				1C696C4D2366619200632085 /* CollectionPointFilterViewModel.swift */,
				1C7A43C52373C0F3005210B9 /* Cells */,
			);
			path = Filter;
			sourceTree = "<group>";
		};
		1C7A43C223727B10005210B9 /* Map views */ = {
			isa = PBXGroup;
			children = (
				1C7A43BE23725DCE005210B9 /* CollectionPointMarker.swift */,
				1C7A43C323727B28005210B9 /* CollectionPointAnnotationView.swift */,
			);
			path = "Map views";
			sourceTree = "<group>";
		};
		1C7A43C52373C0F3005210B9 /* Cells */ = {
			isa = PBXGroup;
			children = (
				1C7A43C62373C119005210B9 /* SelectableCell.swift */,
			);
			path = Cells;
			sourceTree = "<group>";
		};
		1C835E12235EA5FB00CC21EB /* Managers */ = {
			isa = PBXGroup;
			children = (
				1C835E13235EA61200CC21EB /* CollectionScheduleManager.swift */,
				1C21B3CA23941E8B003E0090 /* RubbishReportManager.swift */,
				1C7A43BC23724F59005210B9 /* CollectionPointsManager.swift */,
				1C835E342361212900CC21EB /* NeighbourhoodsManager.swift */,
				1C696C422364C37500632085 /* NotificationsManager.swift */,
				1CBA92FE238F57EC00CF01D4 /* GeocoderManager.swift */,
			);
			path = Managers;
			sourceTree = "<group>";
		};
		1C835E15235EA62600CC21EB /* RxParseExtensions */ = {
			isa = PBXGroup;
			children = (
				1C835E19235EA87F00CC21EB /* Observable+ParseCreate.swift */,
				1C835E1D235EA88000CC21EB /* ParseRxCallbacks.swift */,
				1C835E1B235EA88000CC21EB /* PFAnonymousUtils+Rx.swift */,
				1C835E1C235EA88000CC21EB /* PFCloud+Rx.swift */,
				1C835E17235EA87F00CC21EB /* PFGeoPoint+Rx.swift */,
				1C21B3CE2394206F003E0090 /* PFFileObject+Rx.swift */,
				1C835E1A235EA88000CC21EB /* PFObject+Rx.swift */,
				1C835E18235EA87F00CC21EB /* PFPush+Rx.swift */,
				1C835E1F235EA88000CC21EB /* PFQuery+Rx.swift */,
				1C835E16235EA87F00CC21EB /* PFUser+Rx.swift */,
				1C7A43C023725E97005210B9 /* PFGeoPoint.swift */,
			);
			path = RxParseExtensions;
			sourceTree = "<group>";
		};
		1C835E2C23611DC300CC21EB /* Neighbourhood Selection */ = {
			isa = PBXGroup;
			children = (
				1C835E2D23611DE200CC21EB /* NeighbourhoodSelectionController.swift */,
				1C835E2F23611DF400CC21EB /* NeighbourhoodSelectionViewModel.swift */,
				1C835E3123611F0800CC21EB /* Cells */,
			);
			path = "Neighbourhood Selection";
			sourceTree = "<group>";
		};
		1C835E3123611F0800CC21EB /* Cells */ = {
			isa = PBXGroup;
			children = (
				1C835E3223611F1D00CC21EB /* NeighbourhoodCell.swift */,
			);
			path = Cells;
			sourceTree = "<group>";
		};
		1CB6CAAC2380AF3D00E790CC /* Cells */ = {
			isa = PBXGroup;
			children = (
				1CB6CAB02380B15800E790CC /* CollectionPointCollectionViewCell.swift */,
			);
			path = Cells;
			sourceTree = "<group>";
		};
		1CF15B9E235CBB2500664DE7 /* Models */ = {
			isa = PBXGroup;
			children = (
				1CF15B9F235CBB3800664DE7 /* Parse */,
				1C835E09235E917200CC21EB /* WeekDayCollectionSchedule.swift */,
				1C8996FB238AE2AC0004057A /* Location.swift */,
			);
			path = Models;
			sourceTree = "<group>";
		};
		1CF15B9F235CBB3800664DE7 /* Parse */ = {
			isa = PBXGroup;
			children = (
				1CF15BA2235CBE6B00664DE7 /* Installation.swift */,
				1CF15BA4235CC35C00664DE7 /* City.swift */,
				1CF15BA6235CC36E00664DE7 /* CollectionPoint.swift */,
				1CF15BA8235CC37F00664DE7 /* CollectionSchedule.swift */,
				1CF15BAA235CC39900664DE7 /* Feedback.swift */,
				1CF15BAE235CC3C700664DE7 /* RubbishReport.swift */,
				1CF15BAC235CC3AF00664DE7 /* Neighbourhood.swift */,
			);
			path = Parse;
			sourceTree = "<group>";
		};
		9FFD45C963FCAFA94B5FD08D /* Pods */ = {
			isa = PBXGroup;
			children = (
				A1977D5114702DCE7CA8EF30 /* Pods-garbageCollection.debug.xcconfig */,
				5E136BBFF91D51B0B72DD3DA /* Pods-garbageCollection.release.xcconfig */,
				B232AFD7DF45A98E0E1F5428 /* Pods-garbageCollection-garbageCollectionUITests.debug.xcconfig */,
				100451D4EEFF1FAC0E8A6DBD /* Pods-garbageCollection-garbageCollectionUITests.release.xcconfig */,
				FCA2F10B3AE146452F02732F /* Pods-garbageCollectionTests.debug.xcconfig */,
				230CA8F4FBB518C122C2F346 /* Pods-garbageCollectionTests.release.xcconfig */,
			);
			path = Pods;
			sourceTree = "<group>";
		};
/* End PBXGroup section */

/* Begin PBXNativeTarget section */
		1C26CE4823594307008BB2D2 /* garbageCollection */ = {
			isa = PBXNativeTarget;
			buildConfigurationList = 1C26CE732359430C008BB2D2 /* Build configuration list for PBXNativeTarget "garbageCollection" */;
			buildPhases = (
				9CA7A7A0EE59A001C5BE4C80 /* [CP] Check Pods Manifest.lock */,
				1C26CE4523594307008BB2D2 /* Sources */,
				1C26CE4623594307008BB2D2 /* Frameworks */,
				1C26CE4723594307008BB2D2 /* Resources */,
				17D798FD29E96046D0A7EE3A /* [CP] Embed Pods Frameworks */,
				1C51B4B2235B7C8A009ECCE1 /* ShellScript */,
			);
			buildRules = (
			);
			dependencies = (
			);
			name = garbageCollection;
			productName = garbageCollection;
			productReference = 1C26CE4923594307008BB2D2 /* garbageCollection.app */;
			productType = "com.apple.product-type.application";
		};
		1C26CE5E2359430C008BB2D2 /* garbageCollectionTests */ = {
			isa = PBXNativeTarget;
			buildConfigurationList = 1C26CE762359430C008BB2D2 /* Build configuration list for PBXNativeTarget "garbageCollectionTests" */;
			buildPhases = (
				6D4084D30FC354E271371748 /* [CP] Check Pods Manifest.lock */,
				1C26CE5B2359430C008BB2D2 /* Sources */,
				1C26CE5C2359430C008BB2D2 /* Frameworks */,
				1C26CE5D2359430C008BB2D2 /* Resources */,
			);
			buildRules = (
			);
			dependencies = (
				1C26CE612359430C008BB2D2 /* PBXTargetDependency */,
			);
			name = garbageCollectionTests;
			productName = garbageCollectionTests;
			productReference = 1C26CE5F2359430C008BB2D2 /* garbageCollectionTests.xctest */;
			productType = "com.apple.product-type.bundle.unit-test";
		};
		1C26CE692359430C008BB2D2 /* garbageCollectionUITests */ = {
			isa = PBXNativeTarget;
			buildConfigurationList = 1C26CE792359430C008BB2D2 /* Build configuration list for PBXNativeTarget "garbageCollectionUITests" */;
			buildPhases = (
				D7139A7B30D08DB14E993102 /* [CP] Check Pods Manifest.lock */,
				1C26CE662359430C008BB2D2 /* Sources */,
				1C26CE672359430C008BB2D2 /* Frameworks */,
				1C26CE682359430C008BB2D2 /* Resources */,
				D7A3B92BEF8587B1A1024860 /* [CP] Embed Pods Frameworks */,
			);
			buildRules = (
			);
			dependencies = (
				1C26CE6C2359430C008BB2D2 /* PBXTargetDependency */,
			);
			name = garbageCollectionUITests;
			productName = garbageCollectionUITests;
			productReference = 1C26CE6A2359430C008BB2D2 /* garbageCollectionUITests.xctest */;
			productType = "com.apple.product-type.bundle.ui-testing";
		};
/* End PBXNativeTarget section */

/* Begin PBXProject section */
		1C26CE4123594307008BB2D2 /* Project object */ = {
			isa = PBXProject;
			attributes = {
				LastSwiftUpdateCheck = 1100;
				LastUpgradeCheck = 1100;
				ORGANIZATIONNAME = "Raphael Inc";
				TargetAttributes = {
					1C26CE4823594307008BB2D2 = {
						CreatedOnToolsVersion = 11.0;
					};
					1C26CE5E2359430C008BB2D2 = {
						CreatedOnToolsVersion = 11.0;
						TestTargetID = 1C26CE4823594307008BB2D2;
					};
					1C26CE692359430C008BB2D2 = {
						CreatedOnToolsVersion = 11.0;
						TestTargetID = 1C26CE4823594307008BB2D2;
					};
				};
			};
			buildConfigurationList = 1C26CE4423594307008BB2D2 /* Build configuration list for PBXProject "garbageCollection" */;
			compatibilityVersion = "Xcode 9.3";
			developmentRegion = en;
			hasScannedForEncodings = 0;
			knownRegions = (
				en,
				Base,
			);
			mainGroup = 1C26CE4023594307008BB2D2;
			productRefGroup = 1C26CE4A23594307008BB2D2 /* Products */;
			projectDirPath = "";
			projectRoot = "";
			targets = (
				1C26CE4823594307008BB2D2 /* garbageCollection */,
				1C26CE5E2359430C008BB2D2 /* garbageCollectionTests */,
				1C26CE692359430C008BB2D2 /* garbageCollectionUITests */,
			);
		};
/* End PBXProject section */

/* Begin PBXResourcesBuildPhase section */
		1C26CE4723594307008BB2D2 /* Resources */ = {
			isa = PBXResourcesBuildPhase;
			buildActionMask = 2147483647;
			files = (
				1C26CE592359430C008BB2D2 /* LaunchScreen.storyboard in Resources */,
				1C26CE562359430C008BB2D2 /* Assets.xcassets in Resources */,
			);
			runOnlyForDeploymentPostprocessing = 0;
		};
		1C26CE5D2359430C008BB2D2 /* Resources */ = {
			isa = PBXResourcesBuildPhase;
			buildActionMask = 2147483647;
			files = (
			);
			runOnlyForDeploymentPostprocessing = 0;
		};
		1C26CE682359430C008BB2D2 /* Resources */ = {
			isa = PBXResourcesBuildPhase;
			buildActionMask = 2147483647;
			files = (
			);
			runOnlyForDeploymentPostprocessing = 0;
		};
/* End PBXResourcesBuildPhase section */

/* Begin PBXShellScriptBuildPhase section */
		17D798FD29E96046D0A7EE3A /* [CP] Embed Pods Frameworks */ = {
			isa = PBXShellScriptBuildPhase;
			buildActionMask = 2147483647;
			files = (
			);
			inputFileListPaths = (
				"${PODS_ROOT}/Target Support Files/Pods-garbageCollection/Pods-garbageCollection-frameworks-${CONFIGURATION}-input-files.xcfilelist",
			);
			name = "[CP] Embed Pods Frameworks";
			outputFileListPaths = (
				"${PODS_ROOT}/Target Support Files/Pods-garbageCollection/Pods-garbageCollection-frameworks-${CONFIGURATION}-output-files.xcfilelist",
			);
			runOnlyForDeploymentPostprocessing = 0;
			shellPath = /bin/sh;
			shellScript = "\"${PODS_ROOT}/Target Support Files/Pods-garbageCollection/Pods-garbageCollection-frameworks.sh\"\n";
			showEnvVarsInLog = 0;
		};
		1C51B4B2235B7C8A009ECCE1 /* ShellScript */ = {
			isa = PBXShellScriptBuildPhase;
			buildActionMask = 2147483647;
			files = (
			);
			inputFileListPaths = (
			);
			inputPaths = (
			);
			outputFileListPaths = (
			);
			outputPaths = (
			);
			runOnlyForDeploymentPostprocessing = 0;
			shellPath = /bin/sh;
			shellScript = "if which swiftlint >/dev/null; then\n  swiftlint\nelse\n  echo \"warning: SwiftLint not installed, download from https://github.com/realm/SwiftLint\"\nfi\n";
		};
		6D4084D30FC354E271371748 /* [CP] Check Pods Manifest.lock */ = {
			isa = PBXShellScriptBuildPhase;
			buildActionMask = 2147483647;
			files = (
			);
			inputFileListPaths = (
			);
			inputPaths = (
				"${PODS_PODFILE_DIR_PATH}/Podfile.lock",
				"${PODS_ROOT}/Manifest.lock",
			);
			name = "[CP] Check Pods Manifest.lock";
			outputFileListPaths = (
			);
			outputPaths = (
				"$(DERIVED_FILE_DIR)/Pods-garbageCollectionTests-checkManifestLockResult.txt",
			);
			runOnlyForDeploymentPostprocessing = 0;
			shellPath = /bin/sh;
			shellScript = "diff \"${PODS_PODFILE_DIR_PATH}/Podfile.lock\" \"${PODS_ROOT}/Manifest.lock\" > /dev/null\nif [ $? != 0 ] ; then\n    # print error to STDERR\n    echo \"error: The sandbox is not in sync with the Podfile.lock. Run 'pod install' or update your CocoaPods installation.\" >&2\n    exit 1\nfi\n# This output is used by Xcode 'outputs' to avoid re-running this script phase.\necho \"SUCCESS\" > \"${SCRIPT_OUTPUT_FILE_0}\"\n";
			showEnvVarsInLog = 0;
		};
		9CA7A7A0EE59A001C5BE4C80 /* [CP] Check Pods Manifest.lock */ = {
			isa = PBXShellScriptBuildPhase;
			buildActionMask = 2147483647;
			files = (
			);
			inputFileListPaths = (
			);
			inputPaths = (
				"${PODS_PODFILE_DIR_PATH}/Podfile.lock",
				"${PODS_ROOT}/Manifest.lock",
			);
			name = "[CP] Check Pods Manifest.lock";
			outputFileListPaths = (
			);
			outputPaths = (
				"$(DERIVED_FILE_DIR)/Pods-garbageCollection-checkManifestLockResult.txt",
			);
			runOnlyForDeploymentPostprocessing = 0;
			shellPath = /bin/sh;
			shellScript = "diff \"${PODS_PODFILE_DIR_PATH}/Podfile.lock\" \"${PODS_ROOT}/Manifest.lock\" > /dev/null\nif [ $? != 0 ] ; then\n    # print error to STDERR\n    echo \"error: The sandbox is not in sync with the Podfile.lock. Run 'pod install' or update your CocoaPods installation.\" >&2\n    exit 1\nfi\n# This output is used by Xcode 'outputs' to avoid re-running this script phase.\necho \"SUCCESS\" > \"${SCRIPT_OUTPUT_FILE_0}\"\n";
			showEnvVarsInLog = 0;
		};
		D7139A7B30D08DB14E993102 /* [CP] Check Pods Manifest.lock */ = {
			isa = PBXShellScriptBuildPhase;
			buildActionMask = 2147483647;
			files = (
			);
			inputFileListPaths = (
			);
			inputPaths = (
				"${PODS_PODFILE_DIR_PATH}/Podfile.lock",
				"${PODS_ROOT}/Manifest.lock",
			);
			name = "[CP] Check Pods Manifest.lock";
			outputFileListPaths = (
			);
			outputPaths = (
				"$(DERIVED_FILE_DIR)/Pods-garbageCollection-garbageCollectionUITests-checkManifestLockResult.txt",
			);
			runOnlyForDeploymentPostprocessing = 0;
			shellPath = /bin/sh;
			shellScript = "diff \"${PODS_PODFILE_DIR_PATH}/Podfile.lock\" \"${PODS_ROOT}/Manifest.lock\" > /dev/null\nif [ $? != 0 ] ; then\n    # print error to STDERR\n    echo \"error: The sandbox is not in sync with the Podfile.lock. Run 'pod install' or update your CocoaPods installation.\" >&2\n    exit 1\nfi\n# This output is used by Xcode 'outputs' to avoid re-running this script phase.\necho \"SUCCESS\" > \"${SCRIPT_OUTPUT_FILE_0}\"\n";
			showEnvVarsInLog = 0;
		};
		D7A3B92BEF8587B1A1024860 /* [CP] Embed Pods Frameworks */ = {
			isa = PBXShellScriptBuildPhase;
			buildActionMask = 2147483647;
			files = (
			);
			inputFileListPaths = (
				"${PODS_ROOT}/Target Support Files/Pods-garbageCollection-garbageCollectionUITests/Pods-garbageCollection-garbageCollectionUITests-frameworks-${CONFIGURATION}-input-files.xcfilelist",
			);
			name = "[CP] Embed Pods Frameworks";
			outputFileListPaths = (
				"${PODS_ROOT}/Target Support Files/Pods-garbageCollection-garbageCollectionUITests/Pods-garbageCollection-garbageCollectionUITests-frameworks-${CONFIGURATION}-output-files.xcfilelist",
			);
			runOnlyForDeploymentPostprocessing = 0;
			shellPath = /bin/sh;
			shellScript = "\"${PODS_ROOT}/Target Support Files/Pods-garbageCollection-garbageCollectionUITests/Pods-garbageCollection-garbageCollectionUITests-frameworks.sh\"\n";
			showEnvVarsInLog = 0;
		};
/* End PBXShellScriptBuildPhase section */

/* Begin PBXSourcesBuildPhase section */
		1C26CE4523594307008BB2D2 /* Sources */ = {
			isa = PBXSourcesBuildPhase;
			buildActionMask = 2147483647;
			files = (
				1C835E2B235FC73F00CC21EB /* GCError.swift in Sources */,
				1C31CBE9235B55D400653E19 /* AppCoordinator.swift in Sources */,
				1C835E26235EA88000CC21EB /* PFCloud+Rx.swift in Sources */,
				1C835E14235EA61200CC21EB /* CollectionScheduleManager.swift in Sources */,
				1CF15BA3235CBE6B00664DE7 /* Installation.swift in Sources */,
				1C23C961238DFD7C00100BA1 /* LocationSelectionController.swift in Sources */,
				1C7A43BD23724F59005210B9 /* CollectionPointsManager.swift in Sources */,
				1C31CBFB235B5D8000653E19 /* GCNavigationController.swift in Sources */,
				1C31CBF1235B5B2C00653E19 /* MapCoordinator.swift in Sources */,
				1CF15BA1235CBBE200664DE7 /* ParseSetup.swift in Sources */,
				1C31CC04235B6AA600653E19 /* CalendarController.swift in Sources */,
				1C31CBF3235B5B7E00653E19 /* CalendarCoordinator.swift in Sources */,
				1C21B3D02394232C003E0090 /* UIImage.swift in Sources */,
				1C7A43BF23725DCE005210B9 /* CollectionPointMarker.swift in Sources */,
				1C696C452365EB7500632085 /* Date.swift in Sources */,
				1C696C4823660CA300632085 /* UserNotification+Rx.swift in Sources */,
				1C7A43C123725E97005210B9 /* PFGeoPoint.swift in Sources */,
				1CE3432123666A2C001B1790 /* GCExpandableButton.swift in Sources */,
				1C8EA752238C9DEA00BADB1A /* UIView.swift in Sources */,
				1C8EA74E238C95C700BADB1A /* DatePickerViewController.swift in Sources */,
				1C835E20235EA88000CC21EB /* PFUser+Rx.swift in Sources */,
				1C696C4C2366617C00632085 /* CollectionPointFilterController.swift in Sources */,
				1C26CE4D23594308008BB2D2 /* AppDelegate.swift in Sources */,
				1C835E25235EA88000CC21EB /* PFAnonymousUtils+Rx.swift in Sources */,
				1C31CBED235B566A00653E19 /* Coordinator.swift in Sources */,
				1C835E3023611DF400CC21EB /* NeighbourhoodSelectionViewModel.swift in Sources */,
				1C835E3323611F1D00CC21EB /* NeighbourhoodCell.swift in Sources */,
				1C31CBF5235B5B8C00653E19 /* SettingsCoordinator.swift in Sources */,
				1C835E27235EA88000CC21EB /* ParseRxCallbacks.swift in Sources */,
				1C179993238A027A0075F06C /* TextInputController.swift in Sources */,
				1CF15BA7235CC36E00664DE7 /* CollectionPoint.swift in Sources */,
				1C835E21235EA88000CC21EB /* PFGeoPoint+Rx.swift in Sources */,
				1C31CC08235B6AC100653E19 /* SettingsController.swift in Sources */,
				1CF15BAB235CC39900664DE7 /* Feedback.swift in Sources */,
				1CF15BA9235CC37F00664DE7 /* CollectionSchedule.swift in Sources */,
				1C8EA750238C9BFD00BADB1A /* UIAlertController.swift in Sources */,
				1C7489B42390AA4B00958A13 /* PaddingLabel.swift in Sources */,
				1C31CC0A235B705400653E19 /* CalendarViewModel.swift in Sources */,
				1C31CBEF235B578100653E19 /* Environment.swift in Sources */,
				1CCBF429239DCBD600F70E70 /* SettingsViewModel.swift in Sources */,
				1C23C963238DFDB700100BA1 /* LocationSelectionViewModel.swift in Sources */,
				1C835E0D235E9B9B00CC21EB /* GenericSection.swift in Sources */,
				1C31CC0E235B72BC00653E19 /* MapViewModel.swift in Sources */,
				1CF15BAD235CC3AF00664DE7 /* Neighbourhood.swift in Sources */,
				1C21B3CB23941E8B003E0090 /* RubbishReportManager.swift in Sources */,
				1C835E2E23611DE200CC21EB /* NeighbourhoodSelectionController.swift in Sources */,
				1C8996FC238AE2AC0004057A /* Location.swift in Sources */,
				1C7A43C72373C119005210B9 /* SelectableCell.swift in Sources */,
				1C57CAF2235CE114004D0E0C /* String.swift in Sources */,
				1CF15BAF235CC3C700664DE7 /* RubbishReport.swift in Sources */,
				1C1799892389F39E0075F06C /* RubbishReportController.swift in Sources */,
				1C179990238A00150075F06C /* UITableViewCellConfigurator.swift in Sources */,
				1C26CE4F23594308008BB2D2 /* SceneDelegate.swift in Sources */,
				1C21B3CD23941F8C003E0090 /* PFFileImageHelper.swift in Sources */,
				1CB6CAB12380B15800E790CC /* CollectionPointCollectionViewCell.swift in Sources */,
				1C31CBFF235B5DD700653E19 /* UIColor.swift in Sources */,
				1C835E23235EA88000CC21EB /* Observable+ParseCreate.swift in Sources */,
				1C21B3CF2394206F003E0090 /* PFFileObject+Rx.swift in Sources */,
				1C14E5C1235BB48400E3CD94 /* NeighbourhoodSelectorView.swift in Sources */,
				1C835E22235EA88000CC21EB /* PFPush+Rx.swift in Sources */,
				1C31CBEB235B564B00653E19 /* RootViewCoordinator.swift in Sources */,
				1C835E24235EA88000CC21EB /* PFObject+Rx.swift in Sources */,
				1C7A43C423727B29005210B9 /* CollectionPointAnnotationView.swift in Sources */,
				1C696C4E2366619200632085 /* CollectionPointFilterViewModel.swift in Sources */,
				1CB6CAB32380BC7300E790CC /* UICollectionViewCell.swift in Sources */,
				1C46181823594A6B0054B22B /* SplashController.swift in Sources */,
				1CF15BA5235CC35C00664DE7 /* City.swift in Sources */,
				1C31CC06235B6AB300653E19 /* MapController.swift in Sources */,
				1CB6CAB52380BC7D00E790CC /* UICollectionView.swift in Sources */,
				1C835E0A235E917200CC21EB /* WeekDayCollectionSchedule.swift in Sources */,
				1C835E0F235EA27E00CC21EB /* UITableView.swift in Sources */,
				1C309ED9238CA73200B2F063 /* BasicTableViewCell.swift in Sources */,
				1C31CC0C235B70CC00653E19 /* GCViewModelController.swift in Sources */,
				1CBA92FF238F57EC00CF01D4 /* GeocoderManager.swift in Sources */,
				1C17998E2389F54A0075F06C /* PictureSelectionView.swift in Sources */,
				1C31CBF9235B5D2B00653E19 /* GCNavigationBar.swift in Sources */,
				1CC84B8F2392FCDF00EDB794 /* GCSearchBarView.swift in Sources */,
				1C835E0B235E9AE100CC21EB /* ScheduledCollectionCell.swift in Sources */,
				1C696C432364C37500632085 /* NotificationsManager.swift in Sources */,
				1C835E352361212900CC21EB /* NeighbourhoodsManager.swift in Sources */,
				1CCBF42B239DD92D00F70E70 /* WebController.swift in Sources */,
				1C835E11235EA2CB00CC21EB /* UITableViewCell.swift in Sources */,
				1C17998B2389F3D90075F06C /* RubbishReportViewModel.swift in Sources */,
				1C835E29235EA88000CC21EB /* PFQuery+Rx.swift in Sources */,
			);
			runOnlyForDeploymentPostprocessing = 0;
		};
		1C26CE5B2359430C008BB2D2 /* Sources */ = {
			isa = PBXSourcesBuildPhase;
			buildActionMask = 2147483647;
			files = (
				1C26CE642359430C008BB2D2 /* garbageCollectionTests.swift in Sources */,
				1CF15BB1235CCBE600664DE7 /* garbageCollectionModelTests.swift in Sources */,
				1CC05479237E00C200268662 /* parseConnectionTest.swift in Sources */,
			);
			runOnlyForDeploymentPostprocessing = 0;
		};
		1C26CE662359430C008BB2D2 /* Sources */ = {
			isa = PBXSourcesBuildPhase;
			buildActionMask = 2147483647;
			files = (
				1C26CE6F2359430C008BB2D2 /* garbageCollectionUITests.swift in Sources */,
			);
			runOnlyForDeploymentPostprocessing = 0;
		};
/* End PBXSourcesBuildPhase section */

/* Begin PBXTargetDependency section */
		1C26CE612359430C008BB2D2 /* PBXTargetDependency */ = {
			isa = PBXTargetDependency;
			target = 1C26CE4823594307008BB2D2 /* garbageCollection */;
			targetProxy = 1C26CE602359430C008BB2D2 /* PBXContainerItemProxy */;
		};
		1C26CE6C2359430C008BB2D2 /* PBXTargetDependency */ = {
			isa = PBXTargetDependency;
			target = 1C26CE4823594307008BB2D2 /* garbageCollection */;
			targetProxy = 1C26CE6B2359430C008BB2D2 /* PBXContainerItemProxy */;
		};
/* End PBXTargetDependency section */

/* Begin PBXVariantGroup section */
		1C26CE572359430C008BB2D2 /* LaunchScreen.storyboard */ = {
			isa = PBXVariantGroup;
			children = (
				1C26CE582359430C008BB2D2 /* Base */,
			);
			name = LaunchScreen.storyboard;
			sourceTree = "<group>";
		};
/* End PBXVariantGroup section */

/* Begin XCBuildConfiguration section */
		1C26CE712359430C008BB2D2 /* Debug */ = {
			isa = XCBuildConfiguration;
			baseConfigurationReference = 1C9902DD2389CB520000A457 /* Development.xcconfig */;
			buildSettings = {
				ALWAYS_SEARCH_USER_PATHS = NO;
				CLANG_ANALYZER_NONNULL = YES;
				CLANG_ANALYZER_NUMBER_OBJECT_CONVERSION = YES_AGGRESSIVE;
				CLANG_CXX_LANGUAGE_STANDARD = "gnu++14";
				CLANG_CXX_LIBRARY = "libc++";
				CLANG_ENABLE_MODULES = YES;
				CLANG_ENABLE_OBJC_ARC = YES;
				CLANG_ENABLE_OBJC_WEAK = YES;
				CLANG_WARN_BLOCK_CAPTURE_AUTORELEASING = YES;
				CLANG_WARN_BOOL_CONVERSION = YES;
				CLANG_WARN_COMMA = YES;
				CLANG_WARN_CONSTANT_CONVERSION = YES;
				CLANG_WARN_DEPRECATED_OBJC_IMPLEMENTATIONS = YES;
				CLANG_WARN_DIRECT_OBJC_ISA_USAGE = YES_ERROR;
				CLANG_WARN_DOCUMENTATION_COMMENTS = YES;
				CLANG_WARN_EMPTY_BODY = YES;
				CLANG_WARN_ENUM_CONVERSION = YES;
				CLANG_WARN_INFINITE_RECURSION = YES;
				CLANG_WARN_INT_CONVERSION = YES;
				CLANG_WARN_NON_LITERAL_NULL_CONVERSION = YES;
				CLANG_WARN_OBJC_IMPLICIT_RETAIN_SELF = YES;
				CLANG_WARN_OBJC_LITERAL_CONVERSION = YES;
				CLANG_WARN_OBJC_ROOT_CLASS = YES_ERROR;
				CLANG_WARN_RANGE_LOOP_ANALYSIS = YES;
				CLANG_WARN_STRICT_PROTOTYPES = YES;
				CLANG_WARN_SUSPICIOUS_MOVE = YES;
				CLANG_WARN_UNGUARDED_AVAILABILITY = YES_AGGRESSIVE;
				CLANG_WARN_UNREACHABLE_CODE = YES;
				CLANG_WARN__DUPLICATE_METHOD_MATCH = YES;
				COPY_PHASE_STRIP = NO;
				DEBUG_INFORMATION_FORMAT = dwarf;
				ENABLE_STRICT_OBJC_MSGSEND = YES;
				ENABLE_TESTABILITY = YES;
				GCC_C_LANGUAGE_STANDARD = gnu11;
				GCC_DYNAMIC_NO_PIC = NO;
				GCC_NO_COMMON_BLOCKS = YES;
				GCC_OPTIMIZATION_LEVEL = 0;
				GCC_PREPROCESSOR_DEFINITIONS = (
					"DEBUG=1",
					"$(inherited)",
				);
				GCC_WARN_64_TO_32_BIT_CONVERSION = YES;
				GCC_WARN_ABOUT_RETURN_TYPE = YES_ERROR;
				GCC_WARN_UNDECLARED_SELECTOR = YES;
				GCC_WARN_UNINITIALIZED_AUTOS = YES_AGGRESSIVE;
				GCC_WARN_UNUSED_FUNCTION = YES;
				GCC_WARN_UNUSED_VARIABLE = YES;
				IPHONEOS_DEPLOYMENT_TARGET = 12.4;
				MTL_ENABLE_DEBUG_INFO = INCLUDE_SOURCE;
				MTL_FAST_MATH = YES;
				ONLY_ACTIVE_ARCH = YES;
				SDKROOT = iphoneos;
				SWIFT_ACTIVE_COMPILATION_CONDITIONS = DEBUG;
				SWIFT_OPTIMIZATION_LEVEL = "-Onone";
			};
			name = Debug;
		};
		1C26CE722359430C008BB2D2 /* Release */ = {
			isa = XCBuildConfiguration;
			baseConfigurationReference = 1C26CE86235944FC008BB2D2 /* Production.xcconfig */;
			buildSettings = {
				ALWAYS_SEARCH_USER_PATHS = NO;
				CLANG_ANALYZER_NONNULL = YES;
				CLANG_ANALYZER_NUMBER_OBJECT_CONVERSION = YES_AGGRESSIVE;
				CLANG_CXX_LANGUAGE_STANDARD = "gnu++14";
				CLANG_CXX_LIBRARY = "libc++";
				CLANG_ENABLE_MODULES = YES;
				CLANG_ENABLE_OBJC_ARC = YES;
				CLANG_ENABLE_OBJC_WEAK = YES;
				CLANG_WARN_BLOCK_CAPTURE_AUTORELEASING = YES;
				CLANG_WARN_BOOL_CONVERSION = YES;
				CLANG_WARN_COMMA = YES;
				CLANG_WARN_CONSTANT_CONVERSION = YES;
				CLANG_WARN_DEPRECATED_OBJC_IMPLEMENTATIONS = YES;
				CLANG_WARN_DIRECT_OBJC_ISA_USAGE = YES_ERROR;
				CLANG_WARN_DOCUMENTATION_COMMENTS = YES;
				CLANG_WARN_EMPTY_BODY = YES;
				CLANG_WARN_ENUM_CONVERSION = YES;
				CLANG_WARN_INFINITE_RECURSION = YES;
				CLANG_WARN_INT_CONVERSION = YES;
				CLANG_WARN_NON_LITERAL_NULL_CONVERSION = YES;
				CLANG_WARN_OBJC_IMPLICIT_RETAIN_SELF = YES;
				CLANG_WARN_OBJC_LITERAL_CONVERSION = YES;
				CLANG_WARN_OBJC_ROOT_CLASS = YES_ERROR;
				CLANG_WARN_RANGE_LOOP_ANALYSIS = YES;
				CLANG_WARN_STRICT_PROTOTYPES = YES;
				CLANG_WARN_SUSPICIOUS_MOVE = YES;
				CLANG_WARN_UNGUARDED_AVAILABILITY = YES_AGGRESSIVE;
				CLANG_WARN_UNREACHABLE_CODE = YES;
				CLANG_WARN__DUPLICATE_METHOD_MATCH = YES;
				COPY_PHASE_STRIP = NO;
				DEBUG_INFORMATION_FORMAT = "dwarf-with-dsym";
				ENABLE_NS_ASSERTIONS = NO;
				ENABLE_STRICT_OBJC_MSGSEND = YES;
				GCC_C_LANGUAGE_STANDARD = gnu11;
				GCC_NO_COMMON_BLOCKS = YES;
				GCC_WARN_64_TO_32_BIT_CONVERSION = YES;
				GCC_WARN_ABOUT_RETURN_TYPE = YES_ERROR;
				GCC_WARN_UNDECLARED_SELECTOR = YES;
				GCC_WARN_UNINITIALIZED_AUTOS = YES_AGGRESSIVE;
				GCC_WARN_UNUSED_FUNCTION = YES;
				GCC_WARN_UNUSED_VARIABLE = YES;
				IPHONEOS_DEPLOYMENT_TARGET = 12.4;
				MTL_ENABLE_DEBUG_INFO = NO;
				MTL_FAST_MATH = YES;
				SDKROOT = iphoneos;
				SWIFT_COMPILATION_MODE = wholemodule;
				SWIFT_OPTIMIZATION_LEVEL = "-O";
				VALIDATE_PRODUCT = YES;
			};
			name = Release;
		};
		1C26CE742359430C008BB2D2 /* Debug */ = {
			isa = XCBuildConfiguration;
			baseConfigurationReference = 1C9902DD2389CB520000A457 /* Development.xcconfig */;
			buildSettings = {
				ASSETCATALOG_COMPILER_APPICON_NAME = AppIcon;
				CODE_SIGN_STYLE = Automatic;
				DEVELOPMENT_TEAM = PV4FQV4SXL;
				INFOPLIST_FILE = garbageCollection/Info.plist;
				IPHONEOS_DEPLOYMENT_TARGET = 13.0;
				LD_RUNPATH_SEARCH_PATHS = (
					"$(inherited)",
					"@executable_path/Frameworks",
				);
				PRODUCT_BUNDLE_IDENTIFIER = com.raphael.garbageCollection;
				PRODUCT_NAME = "$(TARGET_NAME)";
				SWIFT_VERSION = 5.0;
				TARGETED_DEVICE_FAMILY = 1;
			};
			name = Debug;
		};
		1C26CE752359430C008BB2D2 /* Release */ = {
			isa = XCBuildConfiguration;
			baseConfigurationReference = 1C26CE86235944FC008BB2D2 /* Production.xcconfig */;
			buildSettings = {
				ASSETCATALOG_COMPILER_APPICON_NAME = AppIcon;
				CODE_SIGN_STYLE = Automatic;
				DEVELOPMENT_TEAM = PV4FQV4SXL;
				INFOPLIST_FILE = garbageCollection/Info.plist;
				IPHONEOS_DEPLOYMENT_TARGET = 13.0;
				LD_RUNPATH_SEARCH_PATHS = (
					"$(inherited)",
					"@executable_path/Frameworks",
				);
				PRODUCT_BUNDLE_IDENTIFIER = com.raphael.garbageCollection;
				PRODUCT_NAME = "$(TARGET_NAME)";
				SWIFT_VERSION = 5.0;
				TARGETED_DEVICE_FAMILY = 1;
			};
			name = Release;
		};
		1C26CE772359430C008BB2D2 /* Debug */ = {
			isa = XCBuildConfiguration;
			baseConfigurationReference = FCA2F10B3AE146452F02732F /* Pods-garbageCollectionTests.debug.xcconfig */;
			buildSettings = {
				ALWAYS_EMBED_SWIFT_STANDARD_LIBRARIES = YES;
				BUNDLE_LOADER = "$(TEST_HOST)";
				CODE_SIGN_STYLE = Automatic;
				DEVELOPMENT_TEAM = PV4FQV4SXL;
				INFOPLIST_FILE = garbageCollectionTests/Info.plist;
				IPHONEOS_DEPLOYMENT_TARGET = 13.0;
				LD_RUNPATH_SEARCH_PATHS = (
					"$(inherited)",
					"@executable_path/Frameworks",
					"@loader_path/Frameworks",
				);
				PRODUCT_BUNDLE_IDENTIFIER = com.raphael.garbageCollectionTests;
				PRODUCT_NAME = "$(TARGET_NAME)";
				SWIFT_VERSION = 5.0;
				TARGETED_DEVICE_FAMILY = "1,2";
				TEST_HOST = "$(BUILT_PRODUCTS_DIR)/garbageCollection.app/garbageCollection";
			};
			name = Debug;
		};
		1C26CE782359430C008BB2D2 /* Release */ = {
			isa = XCBuildConfiguration;
			baseConfigurationReference = 230CA8F4FBB518C122C2F346 /* Pods-garbageCollectionTests.release.xcconfig */;
			buildSettings = {
				ALWAYS_EMBED_SWIFT_STANDARD_LIBRARIES = YES;
				BUNDLE_LOADER = "$(TEST_HOST)";
				CODE_SIGN_STYLE = Automatic;
				DEVELOPMENT_TEAM = PV4FQV4SXL;
				INFOPLIST_FILE = garbageCollectionTests/Info.plist;
				IPHONEOS_DEPLOYMENT_TARGET = 13.0;
				LD_RUNPATH_SEARCH_PATHS = (
					"$(inherited)",
					"@executable_path/Frameworks",
					"@loader_path/Frameworks",
				);
				PRODUCT_BUNDLE_IDENTIFIER = com.raphael.garbageCollectionTests;
				PRODUCT_NAME = "$(TARGET_NAME)";
				SWIFT_VERSION = 5.0;
				TARGETED_DEVICE_FAMILY = "1,2";
				TEST_HOST = "$(BUILT_PRODUCTS_DIR)/garbageCollection.app/garbageCollection";
			};
			name = Release;
		};
		1C26CE7A2359430C008BB2D2 /* Debug */ = {
			isa = XCBuildConfiguration;
			baseConfigurationReference = B232AFD7DF45A98E0E1F5428 /* Pods-garbageCollection-garbageCollectionUITests.debug.xcconfig */;
			buildSettings = {
				ALWAYS_EMBED_SWIFT_STANDARD_LIBRARIES = YES;
				CODE_SIGN_STYLE = Automatic;
				DEVELOPMENT_TEAM = PV4FQV4SXL;
				INFOPLIST_FILE = garbageCollectionUITests/Info.plist;
				LD_RUNPATH_SEARCH_PATHS = (
					"$(inherited)",
					"@executable_path/Frameworks",
					"@loader_path/Frameworks",
				);
				PRODUCT_BUNDLE_IDENTIFIER = com.raphael.garbageCollectionUITests;
				PRODUCT_NAME = "$(TARGET_NAME)";
				SWIFT_VERSION = 5.0;
				TARGETED_DEVICE_FAMILY = "1,2";
				TEST_TARGET_NAME = garbageCollection;
			};
			name = Debug;
		};
		1C26CE7B2359430C008BB2D2 /* Release */ = {
			isa = XCBuildConfiguration;
			baseConfigurationReference = 100451D4EEFF1FAC0E8A6DBD /* Pods-garbageCollection-garbageCollectionUITests.release.xcconfig */;
			buildSettings = {
				ALWAYS_EMBED_SWIFT_STANDARD_LIBRARIES = YES;
				CODE_SIGN_STYLE = Automatic;
				DEVELOPMENT_TEAM = PV4FQV4SXL;
				INFOPLIST_FILE = garbageCollectionUITests/Info.plist;
				LD_RUNPATH_SEARCH_PATHS = (
					"$(inherited)",
					"@executable_path/Frameworks",
					"@loader_path/Frameworks",
				);
				PRODUCT_BUNDLE_IDENTIFIER = com.raphael.garbageCollectionUITests;
				PRODUCT_NAME = "$(TARGET_NAME)";
				SWIFT_VERSION = 5.0;
				TARGETED_DEVICE_FAMILY = "1,2";
				TEST_TARGET_NAME = garbageCollection;
			};
			name = Release;
		};
/* End XCBuildConfiguration section */

/* Begin XCConfigurationList section */
		1C26CE4423594307008BB2D2 /* Build configuration list for PBXProject "garbageCollection" */ = {
			isa = XCConfigurationList;
			buildConfigurations = (
				1C26CE712359430C008BB2D2 /* Debug */,
				1C26CE722359430C008BB2D2 /* Release */,
			);
			defaultConfigurationIsVisible = 0;
			defaultConfigurationName = Release;
		};
		1C26CE732359430C008BB2D2 /* Build configuration list for PBXNativeTarget "garbageCollection" */ = {
			isa = XCConfigurationList;
			buildConfigurations = (
				1C26CE742359430C008BB2D2 /* Debug */,
				1C26CE752359430C008BB2D2 /* Release */,
			);
			defaultConfigurationIsVisible = 0;
			defaultConfigurationName = Release;
		};
		1C26CE762359430C008BB2D2 /* Build configuration list for PBXNativeTarget "garbageCollectionTests" */ = {
			isa = XCConfigurationList;
			buildConfigurations = (
				1C26CE772359430C008BB2D2 /* Debug */,
				1C26CE782359430C008BB2D2 /* Release */,
			);
			defaultConfigurationIsVisible = 0;
			defaultConfigurationName = Release;
		};
		1C26CE792359430C008BB2D2 /* Build configuration list for PBXNativeTarget "garbageCollectionUITests" */ = {
			isa = XCConfigurationList;
			buildConfigurations = (
				1C26CE7A2359430C008BB2D2 /* Debug */,
				1C26CE7B2359430C008BB2D2 /* Release */,
			);
			defaultConfigurationIsVisible = 0;
			defaultConfigurationName = Release;
		};
/* End XCConfigurationList section */
	};
	rootObject = 1C26CE4123594307008BB2D2 /* Project object */;
}
